
Microsoft Visual Studio Solution File, Format Version 12.00
# Visual Studio 14
VisualStudioVersion = 14.0.23107.0
MinimumVisualStudioVersion = 10.0.40219.1
Project("{FAE04EC0-301F-11D3-BF4B-00C04F79EFBC}") = "HCIS", "HCIS\HCIS.csproj", "{B4A2EAB6-D0C4-4B51-B096-EF57178C8654}"
EndProject
Project("{F184B08F-C81C-45F6-A57F-5ABD9991F28F}") = "SecurityLoginsAndAccessControl", "..\SecurityLoginsAndAccessControl\SecurityLoginsAndAccessControl\SecurityLoginsAndAccessControl.vbproj", "{B07C6401-2D8D-4C7C-B785-2DE29800A45F}"
EndProject
Project("{FAE04EC0-301F-11D3-BF4B-00C04F79EFBC}") = "HCISSpecialist", "..\HCISSpecialist\HCISSpecialist\HCISSpecialist.csproj", "{E4201B8C-E65A-4307-99C4-944D2615DFBA}"
EndProject
Project("{FAE04EC0-301F-11D3-BF4B-00C04F79EFBC}") = "HCISSecretary", "..\HCISSecretary\HCISSecretary\HCISSecretary.csproj", "{3B8021BD-C8E0-44A2-B6EC-5CCB481FAE65}"
EndProject
Project("{FAE04EC0-301F-11D3-BF4B-00C04F79EFBC}") = "HCISDiagnosticServices", "..\HCISDiagnosticServices\HCISDiagnosticServices\HCISDiagnosticServices.csproj", "{0E8772D1-08C4-4690-B10D-C2831A9E910F}"
EndProject
Project("{FAE04EC0-301F-11D3-BF4B-00C04F79EFBC}") = "HCISPhysiotherapy", "..\HCISPhysiotherapy\HCISPhysiotherapy\HCISPhysiotherapy.csproj", "{571E038B-9574-4EE3-A87E-B2565A495AC8}"
EndProject
Project("{FAE04EC0-301F-11D3-BF4B-00C04F79EFBC}") = "HCISFinance", "..\HCISFinance\HCISFinance\HCISFinance.csproj", "{0B9C68A0-91B3-4259-A0DC-A931C9982010}"
EndProject
Project("{FAE04EC0-301F-11D3-BF4B-00C04F79EFBC}") = "HCISInsurance", "..\HCISInsurance\HCISInsurance\HCISInsurance.csproj", "{5F5DF949-9295-4B2D-BEAE-BDB161C83A3C}"
EndProject
Project("{FAE04EC0-301F-11D3-BF4B-00C04F79EFBC}") = "HCISDefinitions", "..\HCISDefinitions\HCISDefinitions\HCISDefinitions.csproj", "{A09F9CFB-81C7-45EB-B8BD-1EBBB5830A12}"
EndProject
Project("{FAE04EC0-301F-11D3-BF4B-00C04F79EFBC}") = "HCISContracts", "..\HCISContracts\HCISContracts\HCISContracts.csproj", "{0FA8E9C0-538A-4158-979D-C3C506E7D164}"
EndProject
Project("{FAE04EC0-301F-11D3-BF4B-00C04F79EFBC}") = "HCISLab", "..\HCISLab\HCISLab\HCISLab.csproj", "{D88A7B96-A9B6-4C3A-987A-9F484934834F}"
EndProject
Project("{FAE04EC0-301F-11D3-BF4B-00C04F79EFBC}") = "HCISDrugStore", "..\HCISDrugStore\HCISDrugStore\HCISDrugStore.csproj", "{7701CD35-AB11-4ED1-B359-40321B6358BE}"
EndProject
Project("{FAE04EC0-301F-11D3-BF4B-00C04F79EFBC}") = "HCISNurse", "..\HCISNurse\HCISNurse\HCISNurse.csproj", "{7619CC42-3D07-4A1C-B37B-221B2F96485D}"
EndProject
Project("{FAE04EC0-301F-11D3-BF4B-00C04F79EFBC}") = "OfferAndRequest", "..\OfferAndRequest\OfferAndRequest\OfferAndRequest.csproj", "{0A34D4F3-38D3-4BCC-9AAB-3FD5F9CEEC0A}"
EndProject
Project("{FAE04EC0-301F-11D3-BF4B-00C04F79EFBC}") = "HCISPathology", "..\HCISPathology\HCISPathology\HCISPathology.csproj", "{7D3F92C2-DE71-4C97-92FA-6975CA0010C7}"
EndProject
Project("{FAE04EC0-301F-11D3-BF4B-00C04F79EFBC}") = "HCISAngio", "..\HCISAngio\HCISAngio\HCISAngio.csproj", "{83EA3F97-1510-497A-8711-AC9C5608AA97}"
EndProject
Project("{FAE04EC0-301F-11D3-BF4B-00C04F79EFBC}") = "TeleComunication", "..\Telecomunication\TeleComunication\TeleComunication.csproj", "{EDD18C8B-8574-4B4A-BD98-0143021E3E07}"
EndProject
Project("{FAE04EC0-301F-11D3-BF4B-00C04F79EFBC}") = "HCISEmergency", "..\HCISEmergency\HCISEmergency\HCISEmergency.csproj", "{CB964730-6027-493A-8C07-EA2FF2CFA748}"
EndProject
Project("{FAE04EC0-301F-11D3-BF4B-00C04F79EFBC}") = "HCISSurgery", "..\HCISSurgery\HCISSurgery\HCISSurgery.csproj", "{E71EE8AA-49CE-4DCD-B494-797A90F6A2E6}"
EndProject
Project("{FAE04EC0-301F-11D3-BF4B-00C04F79EFBC}") = "DrugManagement", "..\DrugManagement\DrugManagement\DrugManagement.csproj", "{1AE5BDCA-E67E-4925-84CE-713302BFFC1A}"
EndProject
Project("{FAE04EC0-301F-11D3-BF4B-00C04F79EFBC}") = "HCISTriage", "..\HCISTriage\HCISTriage\HCISTriage.csproj", "{2F0C53BB-DFA0-4343-91B5-F156523ADEBB}"
EndProject
Project("{FAE04EC0-301F-11D3-BF4B-00C04F79EFBC}") = "Transport", "..\Transport -Final03 - Copy\Transport\Transport.csproj", "{48BB8477-3E71-46FF-AFAE-CBA50F4C3C3F}"
EndProject
Project("{FAE04EC0-301F-11D3-BF4B-00C04F79EFBC}") = "OccupationalMedicine", "..\OccupationalMedicine\OccupationalMedicine\OccupationalMedicine.csproj", "{D7F1BC62-2386-4B4E-9D48-FC335066D827}"
EndProject
Project("{FAE04EC0-301F-11D3-BF4B-00C04F79EFBC}") = "Inventory", "..\Inventory1\Inventory\Inventory.csproj", "{10B4B188-6100-4D8C-B362-CB9D6FDEDB7C}"
EndProject
Project("{FAE04EC0-301F-11D3-BF4B-00C04F79EFBC}") = "HCISCash", "..\HCISCash\HCISCash\HCISCash.csproj", "{A9839A99-4752-4103-9B15-26B8687303C7}"
EndProject
Project("{FAE04EC0-301F-11D3-BF4B-00C04F79EFBC}") = "SATAService", "..\HCISSata\SATAService\SATAService.csproj", "{AA923A46-9C80-456F-8DD3-85163DA45CD3}"
EndProject
Project("{FAE04EC0-301F-11D3-BF4B-00C04F79EFBC}") = "BloodBank", "..\Bloodbank\BloodBank\BloodBank.csproj", "{6CC43D8F-908E-484B-8C6F-2BC461039E63}"
EndProject
Project("{FAE04EC0-301F-11D3-BF4B-00C04F79EFBC}") = "HCISPsychology", "..\HCISPsychology\HCISPsychology\HCISPsychology.csproj", "{DD473C2F-76C8-430E-8DBB-32EBF1AB4E3A}"
EndProject
Project("{2150E333-8FDC-42A3-9474-1A3956D46DE8}") = "Solution Items", "Solution Items", "{902E0E90-2C4C-4C4D-9F1D-7E0A1A2CE644}"
EndProject
Project("{FAE04EC0-301F-11D3-BF4B-00C04F79EFBC}") = "HCISSecondWard", "..\HCISThirdWard\HCISSecondWard\HCISSecondWard.csproj", "{13A224BB-A382-4225-8473-889248F0FB81}"
EndProject
Project("{FAE04EC0-301F-11D3-BF4B-00C04F79EFBC}") = "HCISManagementDashboard", "..\HCISManagementDashboardNew\HCISManagementDashboard\HCISManagementDashboard.csproj", "{258D6425-D673-4F1C-88DF-D0A465356A53}"
EndProject
Project("{FAE04EC0-301F-11D3-BF4B-00C04F79EFBC}") = "HCISHealth", "..\HCISHealth\HCISHealth\HCISHealth.csproj", "{6DAC25E6-48CE-4CC3-AD98-E09213FD0605}"
EndProject
Project("{FAE04EC0-301F-11D3-BF4B-00C04F79EFBC}") = "HCISOnCall", "..\HCISOnCall\HCISOnCall\HCISOnCall.csproj", "{81404A88-59A5-48DF-B9CD-A63C51C345CA}"
EndProject
Project("{FAE04EC0-301F-11D3-BF4B-00C04F79EFBC}") = "HCISLaundry", "..\HCISLaundry\HCISLaundry\HCISLaundry.csproj", "{22F4C562-6239-4809-BD52-D97231E0078B}"
EndProject
Project("{FAE04EC0-301F-11D3-BF4B-00C04F79EFBC}") = "HCISArchives", "..\HCISArchives\HCISArchives\HCISArchives.csproj", "{B682C4E9-B479-408E-AF7D-44AA9848E6E4}"
EndProject
Project("{FAE04EC0-301F-11D3-BF4B-00C04F79EFBC}") = "HCISAdmission", "..\HCISAdmissionNew\HCISAdmission\HCISAdmission.csproj", "{DD8DDF04-3B29-4EBE-9949-3B21D27F7515}"
EndProject
Project("{FAE04EC0-301F-11D3-BF4B-00C04F79EFBC}") = "HCISShareLibrary", "..\hcissharelibrary\HCISShareLibrary\HCISShareLibrary.csproj", "{FF99FFFE-8EB9-4240-BA94-FDBF0A7086A6}"
EndProject
Project("{FAE04EC0-301F-11D3-BF4B-00C04F79EFBC}") = "OMOApp", "..\OMO\OMOApp\OMOApp.csproj", "{FC0895BE-7B9B-4B1D-9645-81677F7D914C}"
EndProject
Project("{FAE04EC0-301F-11D3-BF4B-00C04F79EFBC}") = "HCISDentist", "..\HCISDentist1\HCISDentist\HCISDentist.csproj", "{0B6D6408-B6EF-45EF-A0D5-4D887F4C69E8}"
EndProject
Global
	GlobalSection(SolutionConfigurationPlatforms) = preSolution
		Debug|Any CPU = Debug|Any CPU
		Debug|x64 = Debug|x64
		Debug|x86 = Debug|x86
		Release|Any CPU = Release|Any CPU
		Release|x64 = Release|x64
		Release|x86 = Release|x86
		waterClient|Any CPU = waterClient|Any CPU
		waterClient|x64 = waterClient|x64
		waterClient|x86 = waterClient|x86
	EndGlobalSection
	GlobalSection(ProjectConfigurationPlatforms) = postSolution
		{B4A2EAB6-D0C4-4B51-B096-EF57178C8654}.Debug|Any CPU.ActiveCfg = Debug|Any CPU
		{B4A2EAB6-D0C4-4B51-B096-EF57178C8654}.Debug|Any CPU.Build.0 = Debug|Any CPU
		{B4A2EAB6-D0C4-4B51-B096-EF57178C8654}.Debug|x64.ActiveCfg = Debug|x64
		{B4A2EAB6-D0C4-4B51-B096-EF57178C8654}.Debug|x64.Build.0 = Debug|x64
		{B4A2EAB6-D0C4-4B51-B096-EF57178C8654}.Debug|x86.ActiveCfg = Debug|Any CPU
		{B4A2EAB6-D0C4-4B51-B096-EF57178C8654}.Debug|x86.Build.0 = Debug|Any CPU
		{B4A2EAB6-D0C4-4B51-B096-EF57178C8654}.Release|Any CPU.ActiveCfg = Release|Any CPU
		{B4A2EAB6-D0C4-4B51-B096-EF57178C8654}.Release|Any CPU.Build.0 = Release|Any CPU
		{B4A2EAB6-D0C4-4B51-B096-EF57178C8654}.Release|x64.ActiveCfg = Release|x64
		{B4A2EAB6-D0C4-4B51-B096-EF57178C8654}.Release|x64.Build.0 = Release|x64
		{B4A2EAB6-D0C4-4B51-B096-EF57178C8654}.Release|x86.ActiveCfg = Release|Any CPU
		{B4A2EAB6-D0C4-4B51-B096-EF57178C8654}.Release|x86.Build.0 = Release|Any CPU
		{B4A2EAB6-D0C4-4B51-B096-EF57178C8654}.waterClient|Any CPU.ActiveCfg = Release|Any CPU
		{B4A2EAB6-D0C4-4B51-B096-EF57178C8654}.waterClient|Any CPU.Build.0 = Release|Any CPU
		{B4A2EAB6-D0C4-4B51-B096-EF57178C8654}.waterClient|x64.ActiveCfg = Release|x64
		{B4A2EAB6-D0C4-4B51-B096-EF57178C8654}.waterClient|x64.Build.0 = Release|x64
		{B4A2EAB6-D0C4-4B51-B096-EF57178C8654}.waterClient|x86.ActiveCfg = Release|Any CPU
		{B4A2EAB6-D0C4-4B51-B096-EF57178C8654}.waterClient|x86.Build.0 = Release|Any CPU
		{B07C6401-2D8D-4C7C-B785-2DE29800A45F}.Debug|Any CPU.ActiveCfg = Debug|Any CPU
		{B07C6401-2D8D-4C7C-B785-2DE29800A45F}.Debug|Any CPU.Build.0 = Debug|Any CPU
		{B07C6401-2D8D-4C7C-B785-2DE29800A45F}.Debug|x64.ActiveCfg = Debug|Any CPU
		{B07C6401-2D8D-4C7C-B785-2DE29800A45F}.Debug|x64.Build.0 = Debug|Any CPU
		{B07C6401-2D8D-4C7C-B785-2DE29800A45F}.Debug|x86.ActiveCfg = Debug|x86
		{B07C6401-2D8D-4C7C-B785-2DE29800A45F}.Debug|x86.Build.0 = Debug|x86
		{B07C6401-2D8D-4C7C-B785-2DE29800A45F}.Release|Any CPU.ActiveCfg = Release|Any CPU
		{B07C6401-2D8D-4C7C-B785-2DE29800A45F}.Release|Any CPU.Build.0 = Release|Any CPU
		{B07C6401-2D8D-4C7C-B785-2DE29800A45F}.Release|x64.ActiveCfg = Release|Any CPU
		{B07C6401-2D8D-4C7C-B785-2DE29800A45F}.Release|x64.Build.0 = Release|Any CPU
		{B07C6401-2D8D-4C7C-B785-2DE29800A45F}.Release|x86.ActiveCfg = Release|x86
		{B07C6401-2D8D-4C7C-B785-2DE29800A45F}.Release|x86.Build.0 = Release|x86
		{B07C6401-2D8D-4C7C-B785-2DE29800A45F}.waterClient|Any CPU.ActiveCfg = Release|Any CPU
		{B07C6401-2D8D-4C7C-B785-2DE29800A45F}.waterClient|Any CPU.Build.0 = Release|Any CPU
		{B07C6401-2D8D-4C7C-B785-2DE29800A45F}.waterClient|x64.ActiveCfg = Release|Any CPU
		{B07C6401-2D8D-4C7C-B785-2DE29800A45F}.waterClient|x64.Build.0 = Release|Any CPU
		{B07C6401-2D8D-4C7C-B785-2DE29800A45F}.waterClient|x86.ActiveCfg = Release|x86
		{B07C6401-2D8D-4C7C-B785-2DE29800A45F}.waterClient|x86.Build.0 = Release|x86
		{E4201B8C-E65A-4307-99C4-944D2615DFBA}.Debug|Any CPU.ActiveCfg = Debug|Any CPU
		{E4201B8C-E65A-4307-99C4-944D2615DFBA}.Debug|Any CPU.Build.0 = Debug|Any CPU
		{E4201B8C-E65A-4307-99C4-944D2615DFBA}.Debug|x64.ActiveCfg = Debug|Any CPU
		{E4201B8C-E65A-4307-99C4-944D2615DFBA}.Debug|x64.Build.0 = Debug|Any CPU
		{E4201B8C-E65A-4307-99C4-944D2615DFBA}.Debug|x86.ActiveCfg = Debug|Any CPU
		{E4201B8C-E65A-4307-99C4-944D2615DFBA}.Debug|x86.Build.0 = Debug|Any CPU
		{E4201B8C-E65A-4307-99C4-944D2615DFBA}.Release|Any CPU.ActiveCfg = Release|Any CPU
		{E4201B8C-E65A-4307-99C4-944D2615DFBA}.Release|Any CPU.Build.0 = Release|Any CPU
		{E4201B8C-E65A-4307-99C4-944D2615DFBA}.Release|x64.ActiveCfg = Release|Any CPU
		{E4201B8C-E65A-4307-99C4-944D2615DFBA}.Release|x64.Build.0 = Release|Any CPU
		{E4201B8C-E65A-4307-99C4-944D2615DFBA}.Release|x86.ActiveCfg = Release|Any CPU
		{E4201B8C-E65A-4307-99C4-944D2615DFBA}.Release|x86.Build.0 = Release|Any CPU
		{E4201B8C-E65A-4307-99C4-944D2615DFBA}.waterClient|Any CPU.ActiveCfg = Release|Any CPU
		{E4201B8C-E65A-4307-99C4-944D2615DFBA}.waterClient|Any CPU.Build.0 = Release|Any CPU
		{E4201B8C-E65A-4307-99C4-944D2615DFBA}.waterClient|x64.ActiveCfg = Release|Any CPU
		{E4201B8C-E65A-4307-99C4-944D2615DFBA}.waterClient|x64.Build.0 = Release|Any CPU
		{E4201B8C-E65A-4307-99C4-944D2615DFBA}.waterClient|x86.ActiveCfg = Release|Any CPU
		{E4201B8C-E65A-4307-99C4-944D2615DFBA}.waterClient|x86.Build.0 = Release|Any CPU
		{3B8021BD-C8E0-44A2-B6EC-5CCB481FAE65}.Debug|Any CPU.ActiveCfg = Debug|Any CPU
		{3B8021BD-C8E0-44A2-B6EC-5CCB481FAE65}.Debug|Any CPU.Build.0 = Debug|Any CPU
		{3B8021BD-C8E0-44A2-B6EC-5CCB481FAE65}.Debug|x64.ActiveCfg = Debug|Any CPU
		{3B8021BD-C8E0-44A2-B6EC-5CCB481FAE65}.Debug|x64.Build.0 = Debug|Any CPU
		{3B8021BD-C8E0-44A2-B6EC-5CCB481FAE65}.Debug|x86.ActiveCfg = Debug|Any CPU
		{3B8021BD-C8E0-44A2-B6EC-5CCB481FAE65}.Debug|x86.Build.0 = Debug|Any CPU
		{3B8021BD-C8E0-44A2-B6EC-5CCB481FAE65}.Release|Any CPU.ActiveCfg = Release|Any CPU
		{3B8021BD-C8E0-44A2-B6EC-5CCB481FAE65}.Release|Any CPU.Build.0 = Release|Any CPU
		{3B8021BD-C8E0-44A2-B6EC-5CCB481FAE65}.Release|x64.ActiveCfg = Release|Any CPU
		{3B8021BD-C8E0-44A2-B6EC-5CCB481FAE65}.Release|x64.Build.0 = Release|Any CPU
		{3B8021BD-C8E0-44A2-B6EC-5CCB481FAE65}.Release|x86.ActiveCfg = Release|Any CPU
		{3B8021BD-C8E0-44A2-B6EC-5CCB481FAE65}.Release|x86.Build.0 = Release|Any CPU
		{3B8021BD-C8E0-44A2-B6EC-5CCB481FAE65}.waterClient|Any CPU.ActiveCfg = Release|Any CPU
		{3B8021BD-C8E0-44A2-B6EC-5CCB481FAE65}.waterClient|Any CPU.Build.0 = Release|Any CPU
		{3B8021BD-C8E0-44A2-B6EC-5CCB481FAE65}.waterClient|x64.ActiveCfg = Release|Any CPU
		{3B8021BD-C8E0-44A2-B6EC-5CCB481FAE65}.waterClient|x64.Build.0 = Release|Any CPU
		{3B8021BD-C8E0-44A2-B6EC-5CCB481FAE65}.waterClient|x86.ActiveCfg = Release|Any CPU
		{3B8021BD-C8E0-44A2-B6EC-5CCB481FAE65}.waterClient|x86.Build.0 = Release|Any CPU
		{0E8772D1-08C4-4690-B10D-C2831A9E910F}.Debug|Any CPU.ActiveCfg = Debug|Any CPU
		{0E8772D1-08C4-4690-B10D-C2831A9E910F}.Debug|Any CPU.Build.0 = Debug|Any CPU
		{0E8772D1-08C4-4690-B10D-C2831A9E910F}.Debug|x64.ActiveCfg = Debug|Any CPU
		{0E8772D1-08C4-4690-B10D-C2831A9E910F}.Debug|x64.Build.0 = Debug|Any CPU
		{0E8772D1-08C4-4690-B10D-C2831A9E910F}.Debug|x86.ActiveCfg = Debug|Any CPU
		{0E8772D1-08C4-4690-B10D-C2831A9E910F}.Debug|x86.Build.0 = Debug|Any CPU
		{0E8772D1-08C4-4690-B10D-C2831A9E910F}.Release|Any CPU.ActiveCfg = Release|Any CPU
		{0E8772D1-08C4-4690-B10D-C2831A9E910F}.Release|Any CPU.Build.0 = Release|Any CPU
		{0E8772D1-08C4-4690-B10D-C2831A9E910F}.Release|x64.ActiveCfg = Release|Any CPU
		{0E8772D1-08C4-4690-B10D-C2831A9E910F}.Release|x64.Build.0 = Release|Any CPU
		{0E8772D1-08C4-4690-B10D-C2831A9E910F}.Release|x86.ActiveCfg = Release|Any CPU
		{0E8772D1-08C4-4690-B10D-C2831A9E910F}.Release|x86.Build.0 = Release|Any CPU
		{0E8772D1-08C4-4690-B10D-C2831A9E910F}.waterClient|Any CPU.ActiveCfg = Release|Any CPU
		{0E8772D1-08C4-4690-B10D-C2831A9E910F}.waterClient|Any CPU.Build.0 = Release|Any CPU
		{0E8772D1-08C4-4690-B10D-C2831A9E910F}.waterClient|x64.ActiveCfg = Release|Any CPU
		{0E8772D1-08C4-4690-B10D-C2831A9E910F}.waterClient|x64.Build.0 = Release|Any CPU
		{0E8772D1-08C4-4690-B10D-C2831A9E910F}.waterClient|x86.ActiveCfg = Release|Any CPU
		{0E8772D1-08C4-4690-B10D-C2831A9E910F}.waterClient|x86.Build.0 = Release|Any CPU
		{571E038B-9574-4EE3-A87E-B2565A495AC8}.Debug|Any CPU.ActiveCfg = Debug|Any CPU
		{571E038B-9574-4EE3-A87E-B2565A495AC8}.Debug|Any CPU.Build.0 = Debug|Any CPU
		{571E038B-9574-4EE3-A87E-B2565A495AC8}.Debug|x64.ActiveCfg = Debug|Any CPU
		{571E038B-9574-4EE3-A87E-B2565A495AC8}.Debug|x64.Build.0 = Debug|Any CPU
		{571E038B-9574-4EE3-A87E-B2565A495AC8}.Debug|x86.ActiveCfg = Debug|Any CPU
		{571E038B-9574-4EE3-A87E-B2565A495AC8}.Debug|x86.Build.0 = Debug|Any CPU
		{571E038B-9574-4EE3-A87E-B2565A495AC8}.Release|Any CPU.ActiveCfg = Release|Any CPU
		{571E038B-9574-4EE3-A87E-B2565A495AC8}.Release|Any CPU.Build.0 = Release|Any CPU
		{571E038B-9574-4EE3-A87E-B2565A495AC8}.Release|x64.ActiveCfg = Release|Any CPU
		{571E038B-9574-4EE3-A87E-B2565A495AC8}.Release|x64.Build.0 = Release|Any CPU
		{571E038B-9574-4EE3-A87E-B2565A495AC8}.Release|x86.ActiveCfg = Release|Any CPU
		{571E038B-9574-4EE3-A87E-B2565A495AC8}.Release|x86.Build.0 = Release|Any CPU
		{571E038B-9574-4EE3-A87E-B2565A495AC8}.waterClient|Any CPU.ActiveCfg = Release|Any CPU
		{571E038B-9574-4EE3-A87E-B2565A495AC8}.waterClient|Any CPU.Build.0 = Release|Any CPU
		{571E038B-9574-4EE3-A87E-B2565A495AC8}.waterClient|x64.ActiveCfg = Release|Any CPU
		{571E038B-9574-4EE3-A87E-B2565A495AC8}.waterClient|x64.Build.0 = Release|Any CPU
		{571E038B-9574-4EE3-A87E-B2565A495AC8}.waterClient|x86.ActiveCfg = Release|Any CPU
		{571E038B-9574-4EE3-A87E-B2565A495AC8}.waterClient|x86.Build.0 = Release|Any CPU
		{0B9C68A0-91B3-4259-A0DC-A931C9982010}.Debug|Any CPU.ActiveCfg = Debug|Any CPU
		{0B9C68A0-91B3-4259-A0DC-A931C9982010}.Debug|Any CPU.Build.0 = Debug|Any CPU
		{0B9C68A0-91B3-4259-A0DC-A931C9982010}.Debug|x64.ActiveCfg = Debug|Any CPU
		{0B9C68A0-91B3-4259-A0DC-A931C9982010}.Debug|x64.Build.0 = Debug|Any CPU
		{0B9C68A0-91B3-4259-A0DC-A931C9982010}.Debug|x86.ActiveCfg = Debug|Any CPU
		{0B9C68A0-91B3-4259-A0DC-A931C9982010}.Debug|x86.Build.0 = Debug|Any CPU
		{0B9C68A0-91B3-4259-A0DC-A931C9982010}.Release|Any CPU.ActiveCfg = Release|Any CPU
		{0B9C68A0-91B3-4259-A0DC-A931C9982010}.Release|Any CPU.Build.0 = Release|Any CPU
		{0B9C68A0-91B3-4259-A0DC-A931C9982010}.Release|x64.ActiveCfg = Release|Any CPU
		{0B9C68A0-91B3-4259-A0DC-A931C9982010}.Release|x64.Build.0 = Release|Any CPU
		{0B9C68A0-91B3-4259-A0DC-A931C9982010}.Release|x86.ActiveCfg = Release|Any CPU
		{0B9C68A0-91B3-4259-A0DC-A931C9982010}.Release|x86.Build.0 = Release|Any CPU
		{0B9C68A0-91B3-4259-A0DC-A931C9982010}.waterClient|Any CPU.ActiveCfg = Release|Any CPU
		{0B9C68A0-91B3-4259-A0DC-A931C9982010}.waterClient|Any CPU.Build.0 = Release|Any CPU
		{0B9C68A0-91B3-4259-A0DC-A931C9982010}.waterClient|x64.ActiveCfg = Release|Any CPU
		{0B9C68A0-91B3-4259-A0DC-A931C9982010}.waterClient|x64.Build.0 = Release|Any CPU
		{0B9C68A0-91B3-4259-A0DC-A931C9982010}.waterClient|x86.ActiveCfg = Release|Any CPU
		{0B9C68A0-91B3-4259-A0DC-A931C9982010}.waterClient|x86.Build.0 = Release|Any CPU
		{5F5DF949-9295-4B2D-BEAE-BDB161C83A3C}.Debug|Any CPU.ActiveCfg = Debug|Any CPU
		{5F5DF949-9295-4B2D-BEAE-BDB161C83A3C}.Debug|Any CPU.Build.0 = Debug|Any CPU
		{5F5DF949-9295-4B2D-BEAE-BDB161C83A3C}.Debug|x64.ActiveCfg = Debug|Any CPU
		{5F5DF949-9295-4B2D-BEAE-BDB161C83A3C}.Debug|x64.Build.0 = Debug|Any CPU
		{5F5DF949-9295-4B2D-BEAE-BDB161C83A3C}.Debug|x86.ActiveCfg = Debug|Any CPU
		{5F5DF949-9295-4B2D-BEAE-BDB161C83A3C}.Debug|x86.Build.0 = Debug|Any CPU
		{5F5DF949-9295-4B2D-BEAE-BDB161C83A3C}.Release|Any CPU.ActiveCfg = Release|Any CPU
		{5F5DF949-9295-4B2D-BEAE-BDB161C83A3C}.Release|Any CPU.Build.0 = Release|Any CPU
		{5F5DF949-9295-4B2D-BEAE-BDB161C83A3C}.Release|x64.ActiveCfg = Release|Any CPU
		{5F5DF949-9295-4B2D-BEAE-BDB161C83A3C}.Release|x64.Build.0 = Release|Any CPU
		{5F5DF949-9295-4B2D-BEAE-BDB161C83A3C}.Release|x86.ActiveCfg = Release|Any CPU
		{5F5DF949-9295-4B2D-BEAE-BDB161C83A3C}.Release|x86.Build.0 = Release|Any CPU
		{5F5DF949-9295-4B2D-BEAE-BDB161C83A3C}.waterClient|Any CPU.ActiveCfg = Release|Any CPU
		{5F5DF949-9295-4B2D-BEAE-BDB161C83A3C}.waterClient|Any CPU.Build.0 = Release|Any CPU
		{5F5DF949-9295-4B2D-BEAE-BDB161C83A3C}.waterClient|x64.ActiveCfg = Release|Any CPU
		{5F5DF949-9295-4B2D-BEAE-BDB161C83A3C}.waterClient|x64.Build.0 = Release|Any CPU
		{5F5DF949-9295-4B2D-BEAE-BDB161C83A3C}.waterClient|x86.ActiveCfg = Release|Any CPU
		{5F5DF949-9295-4B2D-BEAE-BDB161C83A3C}.waterClient|x86.Build.0 = Release|Any CPU
		{A09F9CFB-81C7-45EB-B8BD-1EBBB5830A12}.Debug|Any CPU.ActiveCfg = Debug|Any CPU
		{A09F9CFB-81C7-45EB-B8BD-1EBBB5830A12}.Debug|Any CPU.Build.0 = Debug|Any CPU
		{A09F9CFB-81C7-45EB-B8BD-1EBBB5830A12}.Debug|x64.ActiveCfg = Debug|Any CPU
		{A09F9CFB-81C7-45EB-B8BD-1EBBB5830A12}.Debug|x64.Build.0 = Debug|Any CPU
		{A09F9CFB-81C7-45EB-B8BD-1EBBB5830A12}.Debug|x86.ActiveCfg = Debug|Any CPU
		{A09F9CFB-81C7-45EB-B8BD-1EBBB5830A12}.Debug|x86.Build.0 = Debug|Any CPU
		{A09F9CFB-81C7-45EB-B8BD-1EBBB5830A12}.Release|Any CPU.ActiveCfg = Release|Any CPU
		{A09F9CFB-81C7-45EB-B8BD-1EBBB5830A12}.Release|Any CPU.Build.0 = Release|Any CPU
		{A09F9CFB-81C7-45EB-B8BD-1EBBB5830A12}.Release|x64.ActiveCfg = Release|Any CPU
		{A09F9CFB-81C7-45EB-B8BD-1EBBB5830A12}.Release|x64.Build.0 = Release|Any CPU
		{A09F9CFB-81C7-45EB-B8BD-1EBBB5830A12}.Release|x86.ActiveCfg = Release|Any CPU
		{A09F9CFB-81C7-45EB-B8BD-1EBBB5830A12}.Release|x86.Build.0 = Release|Any CPU
		{A09F9CFB-81C7-45EB-B8BD-1EBBB5830A12}.waterClient|Any CPU.ActiveCfg = Release|Any CPU
		{A09F9CFB-81C7-45EB-B8BD-1EBBB5830A12}.waterClient|Any CPU.Build.0 = Release|Any CPU
		{A09F9CFB-81C7-45EB-B8BD-1EBBB5830A12}.waterClient|x64.ActiveCfg = Release|Any CPU
		{A09F9CFB-81C7-45EB-B8BD-1EBBB5830A12}.waterClient|x64.Build.0 = Release|Any CPU
		{A09F9CFB-81C7-45EB-B8BD-1EBBB5830A12}.waterClient|x86.ActiveCfg = Release|Any CPU
		{A09F9CFB-81C7-45EB-B8BD-1EBBB5830A12}.waterClient|x86.Build.0 = Release|Any CPU
		{0FA8E9C0-538A-4158-979D-C3C506E7D164}.Debug|Any CPU.ActiveCfg = Debug|Any CPU
		{0FA8E9C0-538A-4158-979D-C3C506E7D164}.Debug|Any CPU.Build.0 = Debug|Any CPU
		{0FA8E9C0-538A-4158-979D-C3C506E7D164}.Debug|x64.ActiveCfg = Debug|Any CPU
		{0FA8E9C0-538A-4158-979D-C3C506E7D164}.Debug|x64.Build.0 = Debug|Any CPU
		{0FA8E9C0-538A-4158-979D-C3C506E7D164}.Debug|x86.ActiveCfg = Debug|Any CPU
		{0FA8E9C0-538A-4158-979D-C3C506E7D164}.Debug|x86.Build.0 = Debug|Any CPU
		{0FA8E9C0-538A-4158-979D-C3C506E7D164}.Release|Any CPU.ActiveCfg = Release|Any CPU
		{0FA8E9C0-538A-4158-979D-C3C506E7D164}.Release|Any CPU.Build.0 = Release|Any CPU
		{0FA8E9C0-538A-4158-979D-C3C506E7D164}.Release|x64.ActiveCfg = Release|Any CPU
		{0FA8E9C0-538A-4158-979D-C3C506E7D164}.Release|x64.Build.0 = Release|Any CPU
		{0FA8E9C0-538A-4158-979D-C3C506E7D164}.Release|x86.ActiveCfg = Release|Any CPU
		{0FA8E9C0-538A-4158-979D-C3C506E7D164}.Release|x86.Build.0 = Release|Any CPU
		{0FA8E9C0-538A-4158-979D-C3C506E7D164}.waterClient|Any CPU.ActiveCfg = Release|Any CPU
		{0FA8E9C0-538A-4158-979D-C3C506E7D164}.waterClient|Any CPU.Build.0 = Release|Any CPU
		{0FA8E9C0-538A-4158-979D-C3C506E7D164}.waterClient|x64.ActiveCfg = Release|Any CPU
		{0FA8E9C0-538A-4158-979D-C3C506E7D164}.waterClient|x64.Build.0 = Release|Any CPU
		{0FA8E9C0-538A-4158-979D-C3C506E7D164}.waterClient|x86.ActiveCfg = Release|Any CPU
		{0FA8E9C0-538A-4158-979D-C3C506E7D164}.waterClient|x86.Build.0 = Release|Any CPU
		{D88A7B96-A9B6-4C3A-987A-9F484934834F}.Debug|Any CPU.ActiveCfg = Debug|Any CPU
		{D88A7B96-A9B6-4C3A-987A-9F484934834F}.Debug|Any CPU.Build.0 = Debug|Any CPU
		{D88A7B96-A9B6-4C3A-987A-9F484934834F}.Debug|x64.ActiveCfg = Debug|Any CPU
		{D88A7B96-A9B6-4C3A-987A-9F484934834F}.Debug|x64.Build.0 = Debug|Any CPU
		{D88A7B96-A9B6-4C3A-987A-9F484934834F}.Debug|x86.ActiveCfg = Debug|Any CPU
		{D88A7B96-A9B6-4C3A-987A-9F484934834F}.Debug|x86.Build.0 = Debug|Any CPU
		{D88A7B96-A9B6-4C3A-987A-9F484934834F}.Release|Any CPU.ActiveCfg = Release|Any CPU
		{D88A7B96-A9B6-4C3A-987A-9F484934834F}.Release|Any CPU.Build.0 = Release|Any CPU
		{D88A7B96-A9B6-4C3A-987A-9F484934834F}.Release|x64.ActiveCfg = Release|Any CPU
		{D88A7B96-A9B6-4C3A-987A-9F484934834F}.Release|x64.Build.0 = Release|Any CPU
		{D88A7B96-A9B6-4C3A-987A-9F484934834F}.Release|x86.ActiveCfg = Release|Any CPU
		{D88A7B96-A9B6-4C3A-987A-9F484934834F}.Release|x86.Build.0 = Release|Any CPU
		{D88A7B96-A9B6-4C3A-987A-9F484934834F}.waterClient|Any CPU.ActiveCfg = Release|Any CPU
		{D88A7B96-A9B6-4C3A-987A-9F484934834F}.waterClient|Any CPU.Build.0 = Release|Any CPU
		{D88A7B96-A9B6-4C3A-987A-9F484934834F}.waterClient|x64.ActiveCfg = Release|Any CPU
		{D88A7B96-A9B6-4C3A-987A-9F484934834F}.waterClient|x64.Build.0 = Release|Any CPU
		{D88A7B96-A9B6-4C3A-987A-9F484934834F}.waterClient|x86.ActiveCfg = Release|Any CPU
		{D88A7B96-A9B6-4C3A-987A-9F484934834F}.waterClient|x86.Build.0 = Release|Any CPU
		{7701CD35-AB11-4ED1-B359-40321B6358BE}.Debug|Any CPU.ActiveCfg = Debug|Any CPU
		{7701CD35-AB11-4ED1-B359-40321B6358BE}.Debug|Any CPU.Build.0 = Debug|Any CPU
		{7701CD35-AB11-4ED1-B359-40321B6358BE}.Debug|x64.ActiveCfg = Debug|Any CPU
		{7701CD35-AB11-4ED1-B359-40321B6358BE}.Debug|x64.Build.0 = Debug|Any CPU
		{7701CD35-AB11-4ED1-B359-40321B6358BE}.Debug|x86.ActiveCfg = Debug|Any CPU
		{7701CD35-AB11-4ED1-B359-40321B6358BE}.Debug|x86.Build.0 = Debug|Any CPU
		{7701CD35-AB11-4ED1-B359-40321B6358BE}.Release|Any CPU.ActiveCfg = Release|Any CPU
		{7701CD35-AB11-4ED1-B359-40321B6358BE}.Release|Any CPU.Build.0 = Release|Any CPU
		{7701CD35-AB11-4ED1-B359-40321B6358BE}.Release|x64.ActiveCfg = Release|Any CPU
		{7701CD35-AB11-4ED1-B359-40321B6358BE}.Release|x64.Build.0 = Release|Any CPU
		{7701CD35-AB11-4ED1-B359-40321B6358BE}.Release|x86.ActiveCfg = Release|Any CPU
		{7701CD35-AB11-4ED1-B359-40321B6358BE}.Release|x86.Build.0 = Release|Any CPU
		{7701CD35-AB11-4ED1-B359-40321B6358BE}.waterClient|Any CPU.ActiveCfg = Release|Any CPU
		{7701CD35-AB11-4ED1-B359-40321B6358BE}.waterClient|Any CPU.Build.0 = Release|Any CPU
		{7701CD35-AB11-4ED1-B359-40321B6358BE}.waterClient|x64.ActiveCfg = Release|Any CPU
		{7701CD35-AB11-4ED1-B359-40321B6358BE}.waterClient|x64.Build.0 = Release|Any CPU
		{7701CD35-AB11-4ED1-B359-40321B6358BE}.waterClient|x86.ActiveCfg = Release|Any CPU
		{7701CD35-AB11-4ED1-B359-40321B6358BE}.waterClient|x86.Build.0 = Release|Any CPU
		{7619CC42-3D07-4A1C-B37B-221B2F96485D}.Debug|Any CPU.ActiveCfg = Debug|Any CPU
		{7619CC42-3D07-4A1C-B37B-221B2F96485D}.Debug|Any CPU.Build.0 = Debug|Any CPU
		{7619CC42-3D07-4A1C-B37B-221B2F96485D}.Debug|x64.ActiveCfg = Debug|Any CPU
		{7619CC42-3D07-4A1C-B37B-221B2F96485D}.Debug|x64.Build.0 = Debug|Any CPU
		{7619CC42-3D07-4A1C-B37B-221B2F96485D}.Debug|x86.ActiveCfg = Debug|Any CPU
		{7619CC42-3D07-4A1C-B37B-221B2F96485D}.Debug|x86.Build.0 = Debug|Any CPU
		{7619CC42-3D07-4A1C-B37B-221B2F96485D}.Release|Any CPU.ActiveCfg = Release|Any CPU
		{7619CC42-3D07-4A1C-B37B-221B2F96485D}.Release|Any CPU.Build.0 = Release|Any CPU
		{7619CC42-3D07-4A1C-B37B-221B2F96485D}.Release|x64.ActiveCfg = Release|Any CPU
		{7619CC42-3D07-4A1C-B37B-221B2F96485D}.Release|x64.Build.0 = Release|Any CPU
		{7619CC42-3D07-4A1C-B37B-221B2F96485D}.Release|x86.ActiveCfg = Release|Any CPU
		{7619CC42-3D07-4A1C-B37B-221B2F96485D}.Release|x86.Build.0 = Release|Any CPU
		{7619CC42-3D07-4A1C-B37B-221B2F96485D}.waterClient|Any CPU.ActiveCfg = Release|Any CPU
		{7619CC42-3D07-4A1C-B37B-221B2F96485D}.waterClient|Any CPU.Build.0 = Release|Any CPU
		{7619CC42-3D07-4A1C-B37B-221B2F96485D}.waterClient|x64.ActiveCfg = Release|Any CPU
		{7619CC42-3D07-4A1C-B37B-221B2F96485D}.waterClient|x64.Build.0 = Release|Any CPU
		{7619CC42-3D07-4A1C-B37B-221B2F96485D}.waterClient|x86.ActiveCfg = Release|Any CPU
		{7619CC42-3D07-4A1C-B37B-221B2F96485D}.waterClient|x86.Build.0 = Release|Any CPU
		{0A34D4F3-38D3-4BCC-9AAB-3FD5F9CEEC0A}.Debug|Any CPU.ActiveCfg = Debug|Any CPU
		{0A34D4F3-38D3-4BCC-9AAB-3FD5F9CEEC0A}.Debug|Any CPU.Build.0 = Debug|Any CPU
		{0A34D4F3-38D3-4BCC-9AAB-3FD5F9CEEC0A}.Debug|x64.ActiveCfg = Debug|Any CPU
		{0A34D4F3-38D3-4BCC-9AAB-3FD5F9CEEC0A}.Debug|x64.Build.0 = Debug|Any CPU
		{0A34D4F3-38D3-4BCC-9AAB-3FD5F9CEEC0A}.Debug|x86.ActiveCfg = Debug|Any CPU
		{0A34D4F3-38D3-4BCC-9AAB-3FD5F9CEEC0A}.Debug|x86.Build.0 = Debug|Any CPU
		{0A34D4F3-38D3-4BCC-9AAB-3FD5F9CEEC0A}.Release|Any CPU.ActiveCfg = Release|Any CPU
		{0A34D4F3-38D3-4BCC-9AAB-3FD5F9CEEC0A}.Release|Any CPU.Build.0 = Release|Any CPU
		{0A34D4F3-38D3-4BCC-9AAB-3FD5F9CEEC0A}.Release|x64.ActiveCfg = Release|Any CPU
		{0A34D4F3-38D3-4BCC-9AAB-3FD5F9CEEC0A}.Release|x64.Build.0 = Release|Any CPU
		{0A34D4F3-38D3-4BCC-9AAB-3FD5F9CEEC0A}.Release|x86.ActiveCfg = Release|Any CPU
		{0A34D4F3-38D3-4BCC-9AAB-3FD5F9CEEC0A}.Release|x86.Build.0 = Release|Any CPU
		{0A34D4F3-38D3-4BCC-9AAB-3FD5F9CEEC0A}.waterClient|Any CPU.ActiveCfg = Release|Any CPU
		{0A34D4F3-38D3-4BCC-9AAB-3FD5F9CEEC0A}.waterClient|Any CPU.Build.0 = Release|Any CPU
		{0A34D4F3-38D3-4BCC-9AAB-3FD5F9CEEC0A}.waterClient|x64.ActiveCfg = Release|Any CPU
		{0A34D4F3-38D3-4BCC-9AAB-3FD5F9CEEC0A}.waterClient|x64.Build.0 = Release|Any CPU
		{0A34D4F3-38D3-4BCC-9AAB-3FD5F9CEEC0A}.waterClient|x86.ActiveCfg = Release|Any CPU
		{0A34D4F3-38D3-4BCC-9AAB-3FD5F9CEEC0A}.waterClient|x86.Build.0 = Release|Any CPU
		{7D3F92C2-DE71-4C97-92FA-6975CA0010C7}.Debug|Any CPU.ActiveCfg = Debug|Any CPU
		{7D3F92C2-DE71-4C97-92FA-6975CA0010C7}.Debug|Any CPU.Build.0 = Debug|Any CPU
		{7D3F92C2-DE71-4C97-92FA-6975CA0010C7}.Debug|x64.ActiveCfg = Debug|Any CPU
		{7D3F92C2-DE71-4C97-92FA-6975CA0010C7}.Debug|x64.Build.0 = Debug|Any CPU
		{7D3F92C2-DE71-4C97-92FA-6975CA0010C7}.Debug|x86.ActiveCfg = Debug|Any CPU
		{7D3F92C2-DE71-4C97-92FA-6975CA0010C7}.Debug|x86.Build.0 = Debug|Any CPU
		{7D3F92C2-DE71-4C97-92FA-6975CA0010C7}.Release|Any CPU.ActiveCfg = Release|Any CPU
		{7D3F92C2-DE71-4C97-92FA-6975CA0010C7}.Release|Any CPU.Build.0 = Release|Any CPU
		{7D3F92C2-DE71-4C97-92FA-6975CA0010C7}.Release|x64.ActiveCfg = Release|Any CPU
		{7D3F92C2-DE71-4C97-92FA-6975CA0010C7}.Release|x64.Build.0 = Release|Any CPU
		{7D3F92C2-DE71-4C97-92FA-6975CA0010C7}.Release|x86.ActiveCfg = Release|Any CPU
		{7D3F92C2-DE71-4C97-92FA-6975CA0010C7}.Release|x86.Build.0 = Release|Any CPU
		{7D3F92C2-DE71-4C97-92FA-6975CA0010C7}.waterClient|Any CPU.ActiveCfg = Release|Any CPU
		{7D3F92C2-DE71-4C97-92FA-6975CA0010C7}.waterClient|Any CPU.Build.0 = Release|Any CPU
		{7D3F92C2-DE71-4C97-92FA-6975CA0010C7}.waterClient|x64.ActiveCfg = Release|Any CPU
		{7D3F92C2-DE71-4C97-92FA-6975CA0010C7}.waterClient|x64.Build.0 = Release|Any CPU
		{7D3F92C2-DE71-4C97-92FA-6975CA0010C7}.waterClient|x86.ActiveCfg = Release|Any CPU
		{7D3F92C2-DE71-4C97-92FA-6975CA0010C7}.waterClient|x86.Build.0 = Release|Any CPU
		{83EA3F97-1510-497A-8711-AC9C5608AA97}.Debug|Any CPU.ActiveCfg = Debug|Any CPU
		{83EA3F97-1510-497A-8711-AC9C5608AA97}.Debug|Any CPU.Build.0 = Debug|Any CPU
		{83EA3F97-1510-497A-8711-AC9C5608AA97}.Debug|x64.ActiveCfg = Debug|Any CPU
		{83EA3F97-1510-497A-8711-AC9C5608AA97}.Debug|x64.Build.0 = Debug|Any CPU
		{83EA3F97-1510-497A-8711-AC9C5608AA97}.Debug|x86.ActiveCfg = Debug|Any CPU
		{83EA3F97-1510-497A-8711-AC9C5608AA97}.Debug|x86.Build.0 = Debug|Any CPU
		{83EA3F97-1510-497A-8711-AC9C5608AA97}.Release|Any CPU.ActiveCfg = Release|Any CPU
		{83EA3F97-1510-497A-8711-AC9C5608AA97}.Release|Any CPU.Build.0 = Release|Any CPU
		{83EA3F97-1510-497A-8711-AC9C5608AA97}.Release|x64.ActiveCfg = Release|Any CPU
		{83EA3F97-1510-497A-8711-AC9C5608AA97}.Release|x64.Build.0 = Release|Any CPU
		{83EA3F97-1510-497A-8711-AC9C5608AA97}.Release|x86.ActiveCfg = Release|Any CPU
		{83EA3F97-1510-497A-8711-AC9C5608AA97}.Release|x86.Build.0 = Release|Any CPU
		{83EA3F97-1510-497A-8711-AC9C5608AA97}.waterClient|Any CPU.ActiveCfg = Release|Any CPU
		{83EA3F97-1510-497A-8711-AC9C5608AA97}.waterClient|Any CPU.Build.0 = Release|Any CPU
		{83EA3F97-1510-497A-8711-AC9C5608AA97}.waterClient|x64.ActiveCfg = Release|Any CPU
		{83EA3F97-1510-497A-8711-AC9C5608AA97}.waterClient|x64.Build.0 = Release|Any CPU
		{83EA3F97-1510-497A-8711-AC9C5608AA97}.waterClient|x86.ActiveCfg = Release|Any CPU
		{83EA3F97-1510-497A-8711-AC9C5608AA97}.waterClient|x86.Build.0 = Release|Any CPU
		{EDD18C8B-8574-4B4A-BD98-0143021E3E07}.Debug|Any CPU.ActiveCfg = Debug|Any CPU
		{EDD18C8B-8574-4B4A-BD98-0143021E3E07}.Debug|Any CPU.Build.0 = Debug|Any CPU
		{EDD18C8B-8574-4B4A-BD98-0143021E3E07}.Debug|x64.ActiveCfg = Debug|Any CPU
		{EDD18C8B-8574-4B4A-BD98-0143021E3E07}.Debug|x64.Build.0 = Debug|Any CPU
		{EDD18C8B-8574-4B4A-BD98-0143021E3E07}.Debug|x86.ActiveCfg = Debug|Any CPU
		{EDD18C8B-8574-4B4A-BD98-0143021E3E07}.Debug|x86.Build.0 = Debug|Any CPU
		{EDD18C8B-8574-4B4A-BD98-0143021E3E07}.Release|Any CPU.ActiveCfg = Release|Any CPU
		{EDD18C8B-8574-4B4A-BD98-0143021E3E07}.Release|Any CPU.Build.0 = Release|Any CPU
		{EDD18C8B-8574-4B4A-BD98-0143021E3E07}.Release|x64.ActiveCfg = Release|Any CPU
		{EDD18C8B-8574-4B4A-BD98-0143021E3E07}.Release|x64.Build.0 = Release|Any CPU
		{EDD18C8B-8574-4B4A-BD98-0143021E3E07}.Release|x86.ActiveCfg = Release|Any CPU
		{EDD18C8B-8574-4B4A-BD98-0143021E3E07}.Release|x86.Build.0 = Release|Any CPU
		{EDD18C8B-8574-4B4A-BD98-0143021E3E07}.waterClient|Any CPU.ActiveCfg = Release|Any CPU
		{EDD18C8B-8574-4B4A-BD98-0143021E3E07}.waterClient|Any CPU.Build.0 = Release|Any CPU
		{EDD18C8B-8574-4B4A-BD98-0143021E3E07}.waterClient|x64.ActiveCfg = Release|Any CPU
		{EDD18C8B-8574-4B4A-BD98-0143021E3E07}.waterClient|x64.Build.0 = Release|Any CPU
		{EDD18C8B-8574-4B4A-BD98-0143021E3E07}.waterClient|x86.ActiveCfg = Release|Any CPU
		{EDD18C8B-8574-4B4A-BD98-0143021E3E07}.waterClient|x86.Build.0 = Release|Any CPU
		{CB964730-6027-493A-8C07-EA2FF2CFA748}.Debug|Any CPU.ActiveCfg = Debug|Any CPU
		{CB964730-6027-493A-8C07-EA2FF2CFA748}.Debug|Any CPU.Build.0 = Debug|Any CPU
		{CB964730-6027-493A-8C07-EA2FF2CFA748}.Debug|x64.ActiveCfg = Debug|Any CPU
		{CB964730-6027-493A-8C07-EA2FF2CFA748}.Debug|x64.Build.0 = Debug|Any CPU
		{CB964730-6027-493A-8C07-EA2FF2CFA748}.Debug|x86.ActiveCfg = Debug|Any CPU
		{CB964730-6027-493A-8C07-EA2FF2CFA748}.Debug|x86.Build.0 = Debug|Any CPU
		{CB964730-6027-493A-8C07-EA2FF2CFA748}.Release|Any CPU.ActiveCfg = Release|Any CPU
		{CB964730-6027-493A-8C07-EA2FF2CFA748}.Release|Any CPU.Build.0 = Release|Any CPU
		{CB964730-6027-493A-8C07-EA2FF2CFA748}.Release|x64.ActiveCfg = Release|Any CPU
		{CB964730-6027-493A-8C07-EA2FF2CFA748}.Release|x64.Build.0 = Release|Any CPU
		{CB964730-6027-493A-8C07-EA2FF2CFA748}.Release|x86.ActiveCfg = Release|Any CPU
		{CB964730-6027-493A-8C07-EA2FF2CFA748}.Release|x86.Build.0 = Release|Any CPU
		{CB964730-6027-493A-8C07-EA2FF2CFA748}.waterClient|Any CPU.ActiveCfg = Release|Any CPU
		{CB964730-6027-493A-8C07-EA2FF2CFA748}.waterClient|Any CPU.Build.0 = Release|Any CPU
		{CB964730-6027-493A-8C07-EA2FF2CFA748}.waterClient|x64.ActiveCfg = Release|Any CPU
		{CB964730-6027-493A-8C07-EA2FF2CFA748}.waterClient|x64.Build.0 = Release|Any CPU
		{CB964730-6027-493A-8C07-EA2FF2CFA748}.waterClient|x86.ActiveCfg = Release|Any CPU
		{CB964730-6027-493A-8C07-EA2FF2CFA748}.waterClient|x86.Build.0 = Release|Any CPU
		{E71EE8AA-49CE-4DCD-B494-797A90F6A2E6}.Debug|Any CPU.ActiveCfg = Debug|Any CPU
		{E71EE8AA-49CE-4DCD-B494-797A90F6A2E6}.Debug|Any CPU.Build.0 = Debug|Any CPU
		{E71EE8AA-49CE-4DCD-B494-797A90F6A2E6}.Debug|x64.ActiveCfg = Debug|Any CPU
		{E71EE8AA-49CE-4DCD-B494-797A90F6A2E6}.Debug|x64.Build.0 = Debug|Any CPU
		{E71EE8AA-49CE-4DCD-B494-797A90F6A2E6}.Debug|x86.ActiveCfg = Debug|Any CPU
		{E71EE8AA-49CE-4DCD-B494-797A90F6A2E6}.Debug|x86.Build.0 = Debug|Any CPU
		{E71EE8AA-49CE-4DCD-B494-797A90F6A2E6}.Release|Any CPU.ActiveCfg = Release|Any CPU
		{E71EE8AA-49CE-4DCD-B494-797A90F6A2E6}.Release|Any CPU.Build.0 = Release|Any CPU
		{E71EE8AA-49CE-4DCD-B494-797A90F6A2E6}.Release|x64.ActiveCfg = Release|Any CPU
		{E71EE8AA-49CE-4DCD-B494-797A90F6A2E6}.Release|x64.Build.0 = Release|Any CPU
		{E71EE8AA-49CE-4DCD-B494-797A90F6A2E6}.Release|x86.ActiveCfg = Release|Any CPU
		{E71EE8AA-49CE-4DCD-B494-797A90F6A2E6}.Release|x86.Build.0 = Release|Any CPU
		{E71EE8AA-49CE-4DCD-B494-797A90F6A2E6}.waterClient|Any CPU.ActiveCfg = Release|Any CPU
		{E71EE8AA-49CE-4DCD-B494-797A90F6A2E6}.waterClient|Any CPU.Build.0 = Release|Any CPU
		{E71EE8AA-49CE-4DCD-B494-797A90F6A2E6}.waterClient|x64.ActiveCfg = Release|Any CPU
		{E71EE8AA-49CE-4DCD-B494-797A90F6A2E6}.waterClient|x64.Build.0 = Release|Any CPU
		{E71EE8AA-49CE-4DCD-B494-797A90F6A2E6}.waterClient|x86.ActiveCfg = Release|Any CPU
		{E71EE8AA-49CE-4DCD-B494-797A90F6A2E6}.waterClient|x86.Build.0 = Release|Any CPU
		{1AE5BDCA-E67E-4925-84CE-713302BFFC1A}.Debug|Any CPU.ActiveCfg = Debug|Any CPU
		{1AE5BDCA-E67E-4925-84CE-713302BFFC1A}.Debug|Any CPU.Build.0 = Debug|Any CPU
		{1AE5BDCA-E67E-4925-84CE-713302BFFC1A}.Debug|x64.ActiveCfg = Debug|Any CPU
		{1AE5BDCA-E67E-4925-84CE-713302BFFC1A}.Debug|x64.Build.0 = Debug|Any CPU
		{1AE5BDCA-E67E-4925-84CE-713302BFFC1A}.Debug|x86.ActiveCfg = Debug|Any CPU
		{1AE5BDCA-E67E-4925-84CE-713302BFFC1A}.Debug|x86.Build.0 = Debug|Any CPU
		{1AE5BDCA-E67E-4925-84CE-713302BFFC1A}.Release|Any CPU.ActiveCfg = Release|Any CPU
		{1AE5BDCA-E67E-4925-84CE-713302BFFC1A}.Release|Any CPU.Build.0 = Release|Any CPU
		{1AE5BDCA-E67E-4925-84CE-713302BFFC1A}.Release|x64.ActiveCfg = Release|Any CPU
		{1AE5BDCA-E67E-4925-84CE-713302BFFC1A}.Release|x64.Build.0 = Release|Any CPU
		{1AE5BDCA-E67E-4925-84CE-713302BFFC1A}.Release|x86.ActiveCfg = Release|Any CPU
		{1AE5BDCA-E67E-4925-84CE-713302BFFC1A}.Release|x86.Build.0 = Release|Any CPU
		{1AE5BDCA-E67E-4925-84CE-713302BFFC1A}.waterClient|Any CPU.ActiveCfg = Release|Any CPU
		{1AE5BDCA-E67E-4925-84CE-713302BFFC1A}.waterClient|Any CPU.Build.0 = Release|Any CPU
		{1AE5BDCA-E67E-4925-84CE-713302BFFC1A}.waterClient|x64.ActiveCfg = Release|Any CPU
		{1AE5BDCA-E67E-4925-84CE-713302BFFC1A}.waterClient|x64.Build.0 = Release|Any CPU
		{1AE5BDCA-E67E-4925-84CE-713302BFFC1A}.waterClient|x86.ActiveCfg = Release|Any CPU
		{1AE5BDCA-E67E-4925-84CE-713302BFFC1A}.waterClient|x86.Build.0 = Release|Any CPU
		{2F0C53BB-DFA0-4343-91B5-F156523ADEBB}.Debug|Any CPU.ActiveCfg = Debug|Any CPU
		{2F0C53BB-DFA0-4343-91B5-F156523ADEBB}.Debug|Any CPU.Build.0 = Debug|Any CPU
		{2F0C53BB-DFA0-4343-91B5-F156523ADEBB}.Debug|x64.ActiveCfg = Debug|Any CPU
		{2F0C53BB-DFA0-4343-91B5-F156523ADEBB}.Debug|x64.Build.0 = Debug|Any CPU
		{2F0C53BB-DFA0-4343-91B5-F156523ADEBB}.Debug|x86.ActiveCfg = Debug|Any CPU
		{2F0C53BB-DFA0-4343-91B5-F156523ADEBB}.Debug|x86.Build.0 = Debug|Any CPU
		{2F0C53BB-DFA0-4343-91B5-F156523ADEBB}.Release|Any CPU.ActiveCfg = Release|Any CPU
		{2F0C53BB-DFA0-4343-91B5-F156523ADEBB}.Release|Any CPU.Build.0 = Release|Any CPU
		{2F0C53BB-DFA0-4343-91B5-F156523ADEBB}.Release|x64.ActiveCfg = Release|Any CPU
		{2F0C53BB-DFA0-4343-91B5-F156523ADEBB}.Release|x64.Build.0 = Release|Any CPU
		{2F0C53BB-DFA0-4343-91B5-F156523ADEBB}.Release|x86.ActiveCfg = Release|Any CPU
		{2F0C53BB-DFA0-4343-91B5-F156523ADEBB}.Release|x86.Build.0 = Release|Any CPU
		{2F0C53BB-DFA0-4343-91B5-F156523ADEBB}.waterClient|Any CPU.ActiveCfg = Release|Any CPU
		{2F0C53BB-DFA0-4343-91B5-F156523ADEBB}.waterClient|Any CPU.Build.0 = Release|Any CPU
		{2F0C53BB-DFA0-4343-91B5-F156523ADEBB}.waterClient|x64.ActiveCfg = Release|Any CPU
		{2F0C53BB-DFA0-4343-91B5-F156523ADEBB}.waterClient|x64.Build.0 = Release|Any CPU
		{2F0C53BB-DFA0-4343-91B5-F156523ADEBB}.waterClient|x86.ActiveCfg = Release|Any CPU
		{2F0C53BB-DFA0-4343-91B5-F156523ADEBB}.waterClient|x86.Build.0 = Release|Any CPU
		{48BB8477-3E71-46FF-AFAE-CBA50F4C3C3F}.Debug|Any CPU.ActiveCfg = Debug|Any CPU
		{48BB8477-3E71-46FF-AFAE-CBA50F4C3C3F}.Debug|Any CPU.Build.0 = Debug|Any CPU
		{48BB8477-3E71-46FF-AFAE-CBA50F4C3C3F}.Debug|x64.ActiveCfg = Debug|Any CPU
		{48BB8477-3E71-46FF-AFAE-CBA50F4C3C3F}.Debug|x64.Build.0 = Debug|Any CPU
		{48BB8477-3E71-46FF-AFAE-CBA50F4C3C3F}.Debug|x86.ActiveCfg = Debug|Any CPU
		{48BB8477-3E71-46FF-AFAE-CBA50F4C3C3F}.Debug|x86.Build.0 = Debug|Any CPU
		{48BB8477-3E71-46FF-AFAE-CBA50F4C3C3F}.Release|Any CPU.ActiveCfg = Release|Any CPU
		{48BB8477-3E71-46FF-AFAE-CBA50F4C3C3F}.Release|Any CPU.Build.0 = Release|Any CPU
		{48BB8477-3E71-46FF-AFAE-CBA50F4C3C3F}.Release|x64.ActiveCfg = Release|Any CPU
		{48BB8477-3E71-46FF-AFAE-CBA50F4C3C3F}.Release|x64.Build.0 = Release|Any CPU
		{48BB8477-3E71-46FF-AFAE-CBA50F4C3C3F}.Release|x86.ActiveCfg = Release|Any CPU
		{48BB8477-3E71-46FF-AFAE-CBA50F4C3C3F}.Release|x86.Build.0 = Release|Any CPU
		{48BB8477-3E71-46FF-AFAE-CBA50F4C3C3F}.waterClient|Any CPU.ActiveCfg = Release|Any CPU
		{48BB8477-3E71-46FF-AFAE-CBA50F4C3C3F}.waterClient|Any CPU.Build.0 = Release|Any CPU
		{48BB8477-3E71-46FF-AFAE-CBA50F4C3C3F}.waterClient|x64.ActiveCfg = Release|Any CPU
		{48BB8477-3E71-46FF-AFAE-CBA50F4C3C3F}.waterClient|x64.Build.0 = Release|Any CPU
		{48BB8477-3E71-46FF-AFAE-CBA50F4C3C3F}.waterClient|x86.ActiveCfg = Release|Any CPU
		{48BB8477-3E71-46FF-AFAE-CBA50F4C3C3F}.waterClient|x86.Build.0 = Release|Any CPU
		{D7F1BC62-2386-4B4E-9D48-FC335066D827}.Debug|Any CPU.ActiveCfg = Debug|Any CPU
		{D7F1BC62-2386-4B4E-9D48-FC335066D827}.Debug|Any CPU.Build.0 = Debug|Any CPU
		{D7F1BC62-2386-4B4E-9D48-FC335066D827}.Debug|x64.ActiveCfg = Debug|Any CPU
		{D7F1BC62-2386-4B4E-9D48-FC335066D827}.Debug|x64.Build.0 = Debug|Any CPU
		{D7F1BC62-2386-4B4E-9D48-FC335066D827}.Debug|x86.ActiveCfg = Debug|Any CPU
		{D7F1BC62-2386-4B4E-9D48-FC335066D827}.Debug|x86.Build.0 = Debug|Any CPU
		{D7F1BC62-2386-4B4E-9D48-FC335066D827}.Release|Any CPU.ActiveCfg = Release|Any CPU
		{D7F1BC62-2386-4B4E-9D48-FC335066D827}.Release|Any CPU.Build.0 = Release|Any CPU
		{D7F1BC62-2386-4B4E-9D48-FC335066D827}.Release|x64.ActiveCfg = Release|Any CPU
		{D7F1BC62-2386-4B4E-9D48-FC335066D827}.Release|x64.Build.0 = Release|Any CPU
		{D7F1BC62-2386-4B4E-9D48-FC335066D827}.Release|x86.ActiveCfg = Release|Any CPU
		{D7F1BC62-2386-4B4E-9D48-FC335066D827}.Release|x86.Build.0 = Release|Any CPU
		{D7F1BC62-2386-4B4E-9D48-FC335066D827}.waterClient|Any CPU.ActiveCfg = Release|Any CPU
		{D7F1BC62-2386-4B4E-9D48-FC335066D827}.waterClient|Any CPU.Build.0 = Release|Any CPU
		{D7F1BC62-2386-4B4E-9D48-FC335066D827}.waterClient|x64.ActiveCfg = Release|Any CPU
		{D7F1BC62-2386-4B4E-9D48-FC335066D827}.waterClient|x64.Build.0 = Release|Any CPU
		{D7F1BC62-2386-4B4E-9D48-FC335066D827}.waterClient|x86.ActiveCfg = Release|Any CPU
		{D7F1BC62-2386-4B4E-9D48-FC335066D827}.waterClient|x86.Build.0 = Release|Any CPU
		{10B4B188-6100-4D8C-B362-CB9D6FDEDB7C}.Debug|Any CPU.ActiveCfg = Debug|Any CPU
		{10B4B188-6100-4D8C-B362-CB9D6FDEDB7C}.Debug|Any CPU.Build.0 = Debug|Any CPU
		{10B4B188-6100-4D8C-B362-CB9D6FDEDB7C}.Debug|x64.ActiveCfg = Debug|Any CPU
		{10B4B188-6100-4D8C-B362-CB9D6FDEDB7C}.Debug|x64.Build.0 = Debug|Any CPU
		{10B4B188-6100-4D8C-B362-CB9D6FDEDB7C}.Debug|x86.ActiveCfg = Debug|Any CPU
		{10B4B188-6100-4D8C-B362-CB9D6FDEDB7C}.Debug|x86.Build.0 = Debug|Any CPU
		{10B4B188-6100-4D8C-B362-CB9D6FDEDB7C}.Release|Any CPU.ActiveCfg = Release|Any CPU
		{10B4B188-6100-4D8C-B362-CB9D6FDEDB7C}.Release|Any CPU.Build.0 = Release|Any CPU
		{10B4B188-6100-4D8C-B362-CB9D6FDEDB7C}.Release|x64.ActiveCfg = Release|Any CPU
		{10B4B188-6100-4D8C-B362-CB9D6FDEDB7C}.Release|x64.Build.0 = Release|Any CPU
		{10B4B188-6100-4D8C-B362-CB9D6FDEDB7C}.Release|x86.ActiveCfg = Release|Any CPU
		{10B4B188-6100-4D8C-B362-CB9D6FDEDB7C}.Release|x86.Build.0 = Release|Any CPU
		{10B4B188-6100-4D8C-B362-CB9D6FDEDB7C}.waterClient|Any CPU.ActiveCfg = Release|Any CPU
		{10B4B188-6100-4D8C-B362-CB9D6FDEDB7C}.waterClient|Any CPU.Build.0 = Release|Any CPU
		{10B4B188-6100-4D8C-B362-CB9D6FDEDB7C}.waterClient|x64.ActiveCfg = Release|Any CPU
		{10B4B188-6100-4D8C-B362-CB9D6FDEDB7C}.waterClient|x64.Build.0 = Release|Any CPU
		{10B4B188-6100-4D8C-B362-CB9D6FDEDB7C}.waterClient|x86.ActiveCfg = Release|Any CPU
		{10B4B188-6100-4D8C-B362-CB9D6FDEDB7C}.waterClient|x86.Build.0 = Release|Any CPU
		{A9839A99-4752-4103-9B15-26B8687303C7}.Debug|Any CPU.ActiveCfg = Debug|Any CPU
		{A9839A99-4752-4103-9B15-26B8687303C7}.Debug|Any CPU.Build.0 = Debug|Any CPU
		{A9839A99-4752-4103-9B15-26B8687303C7}.Debug|x64.ActiveCfg = Debug|Any CPU
		{A9839A99-4752-4103-9B15-26B8687303C7}.Debug|x64.Build.0 = Debug|Any CPU
		{A9839A99-4752-4103-9B15-26B8687303C7}.Debug|x86.ActiveCfg = Debug|Any CPU
		{A9839A99-4752-4103-9B15-26B8687303C7}.Debug|x86.Build.0 = Debug|Any CPU
		{A9839A99-4752-4103-9B15-26B8687303C7}.Release|Any CPU.ActiveCfg = Release|Any CPU
		{A9839A99-4752-4103-9B15-26B8687303C7}.Release|Any CPU.Build.0 = Release|Any CPU
		{A9839A99-4752-4103-9B15-26B8687303C7}.Release|x64.ActiveCfg = Release|Any CPU
		{A9839A99-4752-4103-9B15-26B8687303C7}.Release|x64.Build.0 = Release|Any CPU
		{A9839A99-4752-4103-9B15-26B8687303C7}.Release|x86.ActiveCfg = Release|Any CPU
		{A9839A99-4752-4103-9B15-26B8687303C7}.Release|x86.Build.0 = Release|Any CPU
		{A9839A99-4752-4103-9B15-26B8687303C7}.waterClient|Any CPU.ActiveCfg = Release|Any CPU
		{A9839A99-4752-4103-9B15-26B8687303C7}.waterClient|Any CPU.Build.0 = Release|Any CPU
		{A9839A99-4752-4103-9B15-26B8687303C7}.waterClient|x64.ActiveCfg = Release|Any CPU
		{A9839A99-4752-4103-9B15-26B8687303C7}.waterClient|x64.Build.0 = Release|Any CPU
		{A9839A99-4752-4103-9B15-26B8687303C7}.waterClient|x86.ActiveCfg = Release|Any CPU
		{A9839A99-4752-4103-9B15-26B8687303C7}.waterClient|x86.Build.0 = Release|Any CPU
		{AA923A46-9C80-456F-8DD3-85163DA45CD3}.Debug|Any CPU.ActiveCfg = Debug|Any CPU
		{AA923A46-9C80-456F-8DD3-85163DA45CD3}.Debug|Any CPU.Build.0 = Debug|Any CPU
		{AA923A46-9C80-456F-8DD3-85163DA45CD3}.Debug|x64.ActiveCfg = Debug|Any CPU
		{AA923A46-9C80-456F-8DD3-85163DA45CD3}.Debug|x64.Build.0 = Debug|Any CPU
		{AA923A46-9C80-456F-8DD3-85163DA45CD3}.Debug|x86.ActiveCfg = Debug|Any CPU
		{AA923A46-9C80-456F-8DD3-85163DA45CD3}.Debug|x86.Build.0 = Debug|Any CPU
		{AA923A46-9C80-456F-8DD3-85163DA45CD3}.Release|Any CPU.ActiveCfg = Release|Any CPU
		{AA923A46-9C80-456F-8DD3-85163DA45CD3}.Release|Any CPU.Build.0 = Release|Any CPU
		{AA923A46-9C80-456F-8DD3-85163DA45CD3}.Release|x64.ActiveCfg = Release|Any CPU
		{AA923A46-9C80-456F-8DD3-85163DA45CD3}.Release|x64.Build.0 = Release|Any CPU
		{AA923A46-9C80-456F-8DD3-85163DA45CD3}.Release|x86.ActiveCfg = Release|Any CPU
		{AA923A46-9C80-456F-8DD3-85163DA45CD3}.Release|x86.Build.0 = Release|Any CPU
		{AA923A46-9C80-456F-8DD3-85163DA45CD3}.waterClient|Any CPU.ActiveCfg = Release|Any CPU
		{AA923A46-9C80-456F-8DD3-85163DA45CD3}.waterClient|Any CPU.Build.0 = Release|Any CPU
		{AA923A46-9C80-456F-8DD3-85163DA45CD3}.waterClient|x64.ActiveCfg = Release|Any CPU
		{AA923A46-9C80-456F-8DD3-85163DA45CD3}.waterClient|x64.Build.0 = Release|Any CPU
		{AA923A46-9C80-456F-8DD3-85163DA45CD3}.waterClient|x86.ActiveCfg = Release|Any CPU
		{AA923A46-9C80-456F-8DD3-85163DA45CD3}.waterClient|x86.Build.0 = Release|Any CPU
		{6CC43D8F-908E-484B-8C6F-2BC461039E63}.Debug|Any CPU.ActiveCfg = Debug|Any CPU
		{6CC43D8F-908E-484B-8C6F-2BC461039E63}.Debug|Any CPU.Build.0 = Debug|Any CPU
		{6CC43D8F-908E-484B-8C6F-2BC461039E63}.Debug|x64.ActiveCfg = Debug|Any CPU
		{6CC43D8F-908E-484B-8C6F-2BC461039E63}.Debug|x64.Build.0 = Debug|Any CPU
		{6CC43D8F-908E-484B-8C6F-2BC461039E63}.Debug|x86.ActiveCfg = Debug|Any CPU
		{6CC43D8F-908E-484B-8C6F-2BC461039E63}.Debug|x86.Build.0 = Debug|Any CPU
		{6CC43D8F-908E-484B-8C6F-2BC461039E63}.Release|Any CPU.ActiveCfg = Release|Any CPU
		{6CC43D8F-908E-484B-8C6F-2BC461039E63}.Release|Any CPU.Build.0 = Release|Any CPU
		{6CC43D8F-908E-484B-8C6F-2BC461039E63}.Release|x64.ActiveCfg = Release|Any CPU
		{6CC43D8F-908E-484B-8C6F-2BC461039E63}.Release|x64.Build.0 = Release|Any CPU
		{6CC43D8F-908E-484B-8C6F-2BC461039E63}.Release|x86.ActiveCfg = Release|Any CPU
		{6CC43D8F-908E-484B-8C6F-2BC461039E63}.Release|x86.Build.0 = Release|Any CPU
		{6CC43D8F-908E-484B-8C6F-2BC461039E63}.waterClient|Any CPU.ActiveCfg = Release|Any CPU
		{6CC43D8F-908E-484B-8C6F-2BC461039E63}.waterClient|Any CPU.Build.0 = Release|Any CPU
		{6CC43D8F-908E-484B-8C6F-2BC461039E63}.waterClient|x64.ActiveCfg = Release|Any CPU
		{6CC43D8F-908E-484B-8C6F-2BC461039E63}.waterClient|x64.Build.0 = Release|Any CPU
		{6CC43D8F-908E-484B-8C6F-2BC461039E63}.waterClient|x86.ActiveCfg = Release|Any CPU
		{6CC43D8F-908E-484B-8C6F-2BC461039E63}.waterClient|x86.Build.0 = Release|Any CPU
		{DD473C2F-76C8-430E-8DBB-32EBF1AB4E3A}.Debug|Any CPU.ActiveCfg = Debug|Any CPU
		{DD473C2F-76C8-430E-8DBB-32EBF1AB4E3A}.Debug|Any CPU.Build.0 = Debug|Any CPU
		{DD473C2F-76C8-430E-8DBB-32EBF1AB4E3A}.Debug|x64.ActiveCfg = Debug|Any CPU
		{DD473C2F-76C8-430E-8DBB-32EBF1AB4E3A}.Debug|x64.Build.0 = Debug|Any CPU
		{DD473C2F-76C8-430E-8DBB-32EBF1AB4E3A}.Debug|x86.ActiveCfg = Debug|Any CPU
		{DD473C2F-76C8-430E-8DBB-32EBF1AB4E3A}.Debug|x86.Build.0 = Debug|Any CPU
		{DD473C2F-76C8-430E-8DBB-32EBF1AB4E3A}.Release|Any CPU.ActiveCfg = Release|Any CPU
		{DD473C2F-76C8-430E-8DBB-32EBF1AB4E3A}.Release|Any CPU.Build.0 = Release|Any CPU
		{DD473C2F-76C8-430E-8DBB-32EBF1AB4E3A}.Release|x64.ActiveCfg = Release|Any CPU
		{DD473C2F-76C8-430E-8DBB-32EBF1AB4E3A}.Release|x64.Build.0 = Release|Any CPU
		{DD473C2F-76C8-430E-8DBB-32EBF1AB4E3A}.Release|x86.ActiveCfg = Release|Any CPU
		{DD473C2F-76C8-430E-8DBB-32EBF1AB4E3A}.Release|x86.Build.0 = Release|Any CPU
		{DD473C2F-76C8-430E-8DBB-32EBF1AB4E3A}.waterClient|Any CPU.ActiveCfg = Release|Any CPU
		{DD473C2F-76C8-430E-8DBB-32EBF1AB4E3A}.waterClient|Any CPU.Build.0 = Release|Any CPU
		{DD473C2F-76C8-430E-8DBB-32EBF1AB4E3A}.waterClient|x64.ActiveCfg = Release|Any CPU
		{DD473C2F-76C8-430E-8DBB-32EBF1AB4E3A}.waterClient|x64.Build.0 = Release|Any CPU
		{DD473C2F-76C8-430E-8DBB-32EBF1AB4E3A}.waterClient|x86.ActiveCfg = Release|Any CPU
		{DD473C2F-76C8-430E-8DBB-32EBF1AB4E3A}.waterClient|x86.Build.0 = Release|Any CPU
		{13A224BB-A382-4225-8473-889248F0FB81}.Debug|Any CPU.ActiveCfg = Debug|Any CPU
		{13A224BB-A382-4225-8473-889248F0FB81}.Debug|Any CPU.Build.0 = Debug|Any CPU
		{13A224BB-A382-4225-8473-889248F0FB81}.Debug|x64.ActiveCfg = Debug|Any CPU
		{13A224BB-A382-4225-8473-889248F0FB81}.Debug|x64.Build.0 = Debug|Any CPU
		{13A224BB-A382-4225-8473-889248F0FB81}.Debug|x86.ActiveCfg = Debug|Any CPU
		{13A224BB-A382-4225-8473-889248F0FB81}.Debug|x86.Build.0 = Debug|Any CPU
		{13A224BB-A382-4225-8473-889248F0FB81}.Release|Any CPU.ActiveCfg = Release|Any CPU
		{13A224BB-A382-4225-8473-889248F0FB81}.Release|Any CPU.Build.0 = Release|Any CPU
		{13A224BB-A382-4225-8473-889248F0FB81}.Release|x64.ActiveCfg = Release|Any CPU
		{13A224BB-A382-4225-8473-889248F0FB81}.Release|x64.Build.0 = Release|Any CPU
		{13A224BB-A382-4225-8473-889248F0FB81}.Release|x86.ActiveCfg = Release|Any CPU
		{13A224BB-A382-4225-8473-889248F0FB81}.Release|x86.Build.0 = Release|Any CPU
		{13A224BB-A382-4225-8473-889248F0FB81}.waterClient|Any CPU.ActiveCfg = Release|Any CPU
		{13A224BB-A382-4225-8473-889248F0FB81}.waterClient|Any CPU.Build.0 = Release|Any CPU
		{13A224BB-A382-4225-8473-889248F0FB81}.waterClient|x64.ActiveCfg = Release|Any CPU
		{13A224BB-A382-4225-8473-889248F0FB81}.waterClient|x64.Build.0 = Release|Any CPU
		{13A224BB-A382-4225-8473-889248F0FB81}.waterClient|x86.ActiveCfg = Release|Any CPU
		{13A224BB-A382-4225-8473-889248F0FB81}.waterClient|x86.Build.0 = Release|Any CPU
		{258D6425-D673-4F1C-88DF-D0A465356A53}.Debug|Any CPU.ActiveCfg = Debug|Any CPU
		{258D6425-D673-4F1C-88DF-D0A465356A53}.Debug|Any CPU.Build.0 = Debug|Any CPU
		{258D6425-D673-4F1C-88DF-D0A465356A53}.Debug|x64.ActiveCfg = Debug|Any CPU
		{258D6425-D673-4F1C-88DF-D0A465356A53}.Debug|x64.Build.0 = Debug|Any CPU
		{258D6425-D673-4F1C-88DF-D0A465356A53}.Debug|x86.ActiveCfg = Debug|Any CPU
		{258D6425-D673-4F1C-88DF-D0A465356A53}.Debug|x86.Build.0 = Debug|Any CPU
		{258D6425-D673-4F1C-88DF-D0A465356A53}.Release|Any CPU.ActiveCfg = Release|Any CPU
		{258D6425-D673-4F1C-88DF-D0A465356A53}.Release|Any CPU.Build.0 = Release|Any CPU
		{258D6425-D673-4F1C-88DF-D0A465356A53}.Release|x64.ActiveCfg = Release|Any CPU
		{258D6425-D673-4F1C-88DF-D0A465356A53}.Release|x64.Build.0 = Release|Any CPU
		{258D6425-D673-4F1C-88DF-D0A465356A53}.Release|x86.ActiveCfg = Release|Any CPU
		{258D6425-D673-4F1C-88DF-D0A465356A53}.Release|x86.Build.0 = Release|Any CPU
		{258D6425-D673-4F1C-88DF-D0A465356A53}.waterClient|Any CPU.ActiveCfg = Release|Any CPU
		{258D6425-D673-4F1C-88DF-D0A465356A53}.waterClient|Any CPU.Build.0 = Release|Any CPU
		{258D6425-D673-4F1C-88DF-D0A465356A53}.waterClient|x64.ActiveCfg = Release|Any CPU
		{258D6425-D673-4F1C-88DF-D0A465356A53}.waterClient|x64.Build.0 = Release|Any CPU
		{258D6425-D673-4F1C-88DF-D0A465356A53}.waterClient|x86.ActiveCfg = Release|Any CPU
		{258D6425-D673-4F1C-88DF-D0A465356A53}.waterClient|x86.Build.0 = Release|Any CPU
		{6DAC25E6-48CE-4CC3-AD98-E09213FD0605}.Debug|Any CPU.ActiveCfg = Debug|Any CPU
		{6DAC25E6-48CE-4CC3-AD98-E09213FD0605}.Debug|Any CPU.Build.0 = Debug|Any CPU
		{6DAC25E6-48CE-4CC3-AD98-E09213FD0605}.Debug|x64.ActiveCfg = Debug|Any CPU
		{6DAC25E6-48CE-4CC3-AD98-E09213FD0605}.Debug|x64.Build.0 = Debug|Any CPU
		{6DAC25E6-48CE-4CC3-AD98-E09213FD0605}.Debug|x86.ActiveCfg = Debug|Any CPU
		{6DAC25E6-48CE-4CC3-AD98-E09213FD0605}.Debug|x86.Build.0 = Debug|Any CPU
		{6DAC25E6-48CE-4CC3-AD98-E09213FD0605}.Release|Any CPU.ActiveCfg = Release|Any CPU
		{6DAC25E6-48CE-4CC3-AD98-E09213FD0605}.Release|Any CPU.Build.0 = Release|Any CPU
		{6DAC25E6-48CE-4CC3-AD98-E09213FD0605}.Release|x64.ActiveCfg = Release|Any CPU
		{6DAC25E6-48CE-4CC3-AD98-E09213FD0605}.Release|x64.Build.0 = Release|Any CPU
		{6DAC25E6-48CE-4CC3-AD98-E09213FD0605}.Release|x86.ActiveCfg = Release|Any CPU
		{6DAC25E6-48CE-4CC3-AD98-E09213FD0605}.Release|x86.Build.0 = Release|Any CPU
		{6DAC25E6-48CE-4CC3-AD98-E09213FD0605}.waterClient|Any CPU.ActiveCfg = Release|Any CPU
		{6DAC25E6-48CE-4CC3-AD98-E09213FD0605}.waterClient|Any CPU.Build.0 = Release|Any CPU
		{6DAC25E6-48CE-4CC3-AD98-E09213FD0605}.waterClient|x64.ActiveCfg = Release|Any CPU
		{6DAC25E6-48CE-4CC3-AD98-E09213FD0605}.waterClient|x64.Build.0 = Release|Any CPU
		{6DAC25E6-48CE-4CC3-AD98-E09213FD0605}.waterClient|x86.ActiveCfg = Release|Any CPU
		{6DAC25E6-48CE-4CC3-AD98-E09213FD0605}.waterClient|x86.Build.0 = Release|Any CPU
		{81404A88-59A5-48DF-B9CD-A63C51C345CA}.Debug|Any CPU.ActiveCfg = Debug|Any CPU
		{81404A88-59A5-48DF-B9CD-A63C51C345CA}.Debug|Any CPU.Build.0 = Debug|Any CPU
		{81404A88-59A5-48DF-B9CD-A63C51C345CA}.Debug|x64.ActiveCfg = Debug|Any CPU
		{81404A88-59A5-48DF-B9CD-A63C51C345CA}.Debug|x64.Build.0 = Debug|Any CPU
		{81404A88-59A5-48DF-B9CD-A63C51C345CA}.Debug|x86.ActiveCfg = Debug|Any CPU
		{81404A88-59A5-48DF-B9CD-A63C51C345CA}.Debug|x86.Build.0 = Debug|Any CPU
		{81404A88-59A5-48DF-B9CD-A63C51C345CA}.Release|Any CPU.ActiveCfg = Release|Any CPU
		{81404A88-59A5-48DF-B9CD-A63C51C345CA}.Release|Any CPU.Build.0 = Release|Any CPU
		{81404A88-59A5-48DF-B9CD-A63C51C345CA}.Release|x64.ActiveCfg = Release|Any CPU
		{81404A88-59A5-48DF-B9CD-A63C51C345CA}.Release|x64.Build.0 = Release|Any CPU
		{81404A88-59A5-48DF-B9CD-A63C51C345CA}.Release|x86.ActiveCfg = Release|Any CPU
		{81404A88-59A5-48DF-B9CD-A63C51C345CA}.Release|x86.Build.0 = Release|Any CPU
		{81404A88-59A5-48DF-B9CD-A63C51C345CA}.waterClient|Any CPU.ActiveCfg = Release|Any CPU
		{81404A88-59A5-48DF-B9CD-A63C51C345CA}.waterClient|Any CPU.Build.0 = Release|Any CPU
		{81404A88-59A5-48DF-B9CD-A63C51C345CA}.waterClient|x64.ActiveCfg = Release|Any CPU
		{81404A88-59A5-48DF-B9CD-A63C51C345CA}.waterClient|x64.Build.0 = Release|Any CPU
		{81404A88-59A5-48DF-B9CD-A63C51C345CA}.waterClient|x86.ActiveCfg = Release|Any CPU
		{81404A88-59A5-48DF-B9CD-A63C51C345CA}.waterClient|x86.Build.0 = Release|Any CPU
		{22F4C562-6239-4809-BD52-D97231E0078B}.Debug|Any CPU.ActiveCfg = Debug|Any CPU
		{22F4C562-6239-4809-BD52-D97231E0078B}.Debug|Any CPU.Build.0 = Debug|Any CPU
		{22F4C562-6239-4809-BD52-D97231E0078B}.Debug|x64.ActiveCfg = Debug|Any CPU
		{22F4C562-6239-4809-BD52-D97231E0078B}.Debug|x64.Build.0 = Debug|Any CPU
		{22F4C562-6239-4809-BD52-D97231E0078B}.Debug|x86.ActiveCfg = Debug|Any CPU
		{22F4C562-6239-4809-BD52-D97231E0078B}.Debug|x86.Build.0 = Debug|Any CPU
		{22F4C562-6239-4809-BD52-D97231E0078B}.Release|Any CPU.ActiveCfg = Release|Any CPU
		{22F4C562-6239-4809-BD52-D97231E0078B}.Release|Any CPU.Build.0 = Release|Any CPU
		{22F4C562-6239-4809-BD52-D97231E0078B}.Release|x64.ActiveCfg = Release|Any CPU
		{22F4C562-6239-4809-BD52-D97231E0078B}.Release|x64.Build.0 = Release|Any CPU
		{22F4C562-6239-4809-BD52-D97231E0078B}.Release|x86.ActiveCfg = Release|Any CPU
		{22F4C562-6239-4809-BD52-D97231E0078B}.Release|x86.Build.0 = Release|Any CPU
		{22F4C562-6239-4809-BD52-D97231E0078B}.waterClient|Any CPU.ActiveCfg = Release|Any CPU
		{22F4C562-6239-4809-BD52-D97231E0078B}.waterClient|Any CPU.Build.0 = Release|Any CPU
		{22F4C562-6239-4809-BD52-D97231E0078B}.waterClient|x64.ActiveCfg = Release|Any CPU
		{22F4C562-6239-4809-BD52-D97231E0078B}.waterClient|x64.Build.0 = Release|Any CPU
		{22F4C562-6239-4809-BD52-D97231E0078B}.waterClient|x86.ActiveCfg = Release|Any CPU
		{22F4C562-6239-4809-BD52-D97231E0078B}.waterClient|x86.Build.0 = Release|Any CPU
		{B682C4E9-B479-408E-AF7D-44AA9848E6E4}.Debug|Any CPU.ActiveCfg = Debug|Any CPU
		{B682C4E9-B479-408E-AF7D-44AA9848E6E4}.Debug|Any CPU.Build.0 = Debug|Any CPU
		{B682C4E9-B479-408E-AF7D-44AA9848E6E4}.Debug|x64.ActiveCfg = Debug|Any CPU
		{B682C4E9-B479-408E-AF7D-44AA9848E6E4}.Debug|x64.Build.0 = Debug|Any CPU
		{B682C4E9-B479-408E-AF7D-44AA9848E6E4}.Debug|x86.ActiveCfg = Debug|Any CPU
		{B682C4E9-B479-408E-AF7D-44AA9848E6E4}.Debug|x86.Build.0 = Debug|Any CPU
		{B682C4E9-B479-408E-AF7D-44AA9848E6E4}.Release|Any CPU.ActiveCfg = Release|Any CPU
		{B682C4E9-B479-408E-AF7D-44AA9848E6E4}.Release|Any CPU.Build.0 = Release|Any CPU
		{B682C4E9-B479-408E-AF7D-44AA9848E6E4}.Release|x64.ActiveCfg = Release|Any CPU
		{B682C4E9-B479-408E-AF7D-44AA9848E6E4}.Release|x64.Build.0 = Release|Any CPU
		{B682C4E9-B479-408E-AF7D-44AA9848E6E4}.Release|x86.ActiveCfg = Release|Any CPU
		{B682C4E9-B479-408E-AF7D-44AA9848E6E4}.Release|x86.Build.0 = Release|Any CPU
		{B682C4E9-B479-408E-AF7D-44AA9848E6E4}.waterClient|Any CPU.ActiveCfg = Release|Any CPU
		{B682C4E9-B479-408E-AF7D-44AA9848E6E4}.waterClient|Any CPU.Build.0 = Release|Any CPU
		{B682C4E9-B479-408E-AF7D-44AA9848E6E4}.waterClient|x64.ActiveCfg = Release|Any CPU
		{B682C4E9-B479-408E-AF7D-44AA9848E6E4}.waterClient|x64.Build.0 = Release|Any CPU
		{B682C4E9-B479-408E-AF7D-44AA9848E6E4}.waterClient|x86.ActiveCfg = Release|Any CPU
		{B682C4E9-B479-408E-AF7D-44AA9848E6E4}.waterClient|x86.Build.0 = Release|Any CPU
		{DD8DDF04-3B29-4EBE-9949-3B21D27F7515}.Debug|Any CPU.ActiveCfg = Debug|Any CPU
		{DD8DDF04-3B29-4EBE-9949-3B21D27F7515}.Debug|Any CPU.Build.0 = Debug|Any CPU
		{DD8DDF04-3B29-4EBE-9949-3B21D27F7515}.Debug|x64.ActiveCfg = Debug|Any CPU
		{DD8DDF04-3B29-4EBE-9949-3B21D27F7515}.Debug|x64.Build.0 = Debug|Any CPU
		{DD8DDF04-3B29-4EBE-9949-3B21D27F7515}.Debug|x86.ActiveCfg = Debug|Any CPU
		{DD8DDF04-3B29-4EBE-9949-3B21D27F7515}.Debug|x86.Build.0 = Debug|Any CPU
		{DD8DDF04-3B29-4EBE-9949-3B21D27F7515}.Release|Any CPU.ActiveCfg = Release|Any CPU
		{DD8DDF04-3B29-4EBE-9949-3B21D27F7515}.Release|Any CPU.Build.0 = Release|Any CPU
		{DD8DDF04-3B29-4EBE-9949-3B21D27F7515}.Release|x64.ActiveCfg = Release|Any CPU
		{DD8DDF04-3B29-4EBE-9949-3B21D27F7515}.Release|x64.Build.0 = Release|Any CPU
		{DD8DDF04-3B29-4EBE-9949-3B21D27F7515}.Release|x86.ActiveCfg = Release|Any CPU
		{DD8DDF04-3B29-4EBE-9949-3B21D27F7515}.Release|x86.Build.0 = Release|Any CPU
		{DD8DDF04-3B29-4EBE-9949-3B21D27F7515}.waterClient|Any CPU.ActiveCfg = Release|Any CPU
		{DD8DDF04-3B29-4EBE-9949-3B21D27F7515}.waterClient|Any CPU.Build.0 = Release|Any CPU
		{DD8DDF04-3B29-4EBE-9949-3B21D27F7515}.waterClient|x64.ActiveCfg = Release|Any CPU
		{DD8DDF04-3B29-4EBE-9949-3B21D27F7515}.waterClient|x64.Build.0 = Release|Any CPU
		{DD8DDF04-3B29-4EBE-9949-3B21D27F7515}.waterClient|x86.ActiveCfg = Release|Any CPU
		{DD8DDF04-3B29-4EBE-9949-3B21D27F7515}.waterClient|x86.Build.0 = Release|Any CPU
		{FF99FFFE-8EB9-4240-BA94-FDBF0A7086A6}.Debug|Any CPU.ActiveCfg = Debug|Any CPU
		{FF99FFFE-8EB9-4240-BA94-FDBF0A7086A6}.Debug|Any CPU.Build.0 = Debug|Any CPU
		{FF99FFFE-8EB9-4240-BA94-FDBF0A7086A6}.Debug|x64.ActiveCfg = Debug|x64
		{FF99FFFE-8EB9-4240-BA94-FDBF0A7086A6}.Debug|x64.Build.0 = Debug|x64
		{FF99FFFE-8EB9-4240-BA94-FDBF0A7086A6}.Debug|x86.ActiveCfg = Debug|Any CPU
		{FF99FFFE-8EB9-4240-BA94-FDBF0A7086A6}.Debug|x86.Build.0 = Debug|Any CPU
		{FF99FFFE-8EB9-4240-BA94-FDBF0A7086A6}.Release|Any CPU.ActiveCfg = Release|Any CPU
		{FF99FFFE-8EB9-4240-BA94-FDBF0A7086A6}.Release|Any CPU.Build.0 = Release|Any CPU
		{FF99FFFE-8EB9-4240-BA94-FDBF0A7086A6}.Release|x64.ActiveCfg = Release|x64
		{FF99FFFE-8EB9-4240-BA94-FDBF0A7086A6}.Release|x64.Build.0 = Release|x64
		{FF99FFFE-8EB9-4240-BA94-FDBF0A7086A6}.Release|x86.ActiveCfg = Release|Any CPU
		{FF99FFFE-8EB9-4240-BA94-FDBF0A7086A6}.Release|x86.Build.0 = Release|Any CPU
		{FF99FFFE-8EB9-4240-BA94-FDBF0A7086A6}.waterClient|Any CPU.ActiveCfg = waterClient|Any CPU
		{FF99FFFE-8EB9-4240-BA94-FDBF0A7086A6}.waterClient|Any CPU.Build.0 = waterClient|Any CPU
		{FF99FFFE-8EB9-4240-BA94-FDBF0A7086A6}.waterClient|x64.ActiveCfg = waterClient|x64
		{FF99FFFE-8EB9-4240-BA94-FDBF0A7086A6}.waterClient|x64.Build.0 = waterClient|x64
		{FF99FFFE-8EB9-4240-BA94-FDBF0A7086A6}.waterClient|x86.ActiveCfg = waterClient|Any CPU
		{FF99FFFE-8EB9-4240-BA94-FDBF0A7086A6}.waterClient|x86.Build.0 = waterClient|Any CPU
		{FC0895BE-7B9B-4B1D-9645-81677F7D914C}.Debug|Any CPU.ActiveCfg = Debug|Any CPU
		{FC0895BE-7B9B-4B1D-9645-81677F7D914C}.Debug|Any CPU.Build.0 = Debug|Any CPU
		{FC0895BE-7B9B-4B1D-9645-81677F7D914C}.Debug|x64.ActiveCfg = Debug|Any CPU
		{FC0895BE-7B9B-4B1D-9645-81677F7D914C}.Debug|x64.Build.0 = Debug|Any CPU
		{FC0895BE-7B9B-4B1D-9645-81677F7D914C}.Debug|x86.ActiveCfg = Debug|Any CPU
		{FC0895BE-7B9B-4B1D-9645-81677F7D914C}.Debug|x86.Build.0 = Debug|Any CPU
		{FC0895BE-7B9B-4B1D-9645-81677F7D914C}.Release|Any CPU.ActiveCfg = Release|Any CPU
		{FC0895BE-7B9B-4B1D-9645-81677F7D914C}.Release|Any CPU.Build.0 = Release|Any CPU
		{FC0895BE-7B9B-4B1D-9645-81677F7D914C}.Release|x64.ActiveCfg = Release|Any CPU
		{FC0895BE-7B9B-4B1D-9645-81677F7D914C}.Release|x64.Build.0 = Release|Any CPU
		{FC0895BE-7B9B-4B1D-9645-81677F7D914C}.Release|x86.ActiveCfg = Release|Any CPU
		{FC0895BE-7B9B-4B1D-9645-81677F7D914C}.Release|x86.Build.0 = Release|Any CPU
		{FC0895BE-7B9B-4B1D-9645-81677F7D914C}.waterClient|Any CPU.ActiveCfg = Release|Any CPU
		{FC0895BE-7B9B-4B1D-9645-81677F7D914C}.waterClient|Any CPU.Build.0 = Release|Any CPU
		{FC0895BE-7B9B-4B1D-9645-81677F7D914C}.waterClient|x64.ActiveCfg = Release|Any CPU
		{FC0895BE-7B9B-4B1D-9645-81677F7D914C}.waterClient|x64.Build.0 = Release|Any CPU
		{FC0895BE-7B9B-4B1D-9645-81677F7D914C}.waterClient|x86.ActiveCfg = Release|Any CPU
		{FC0895BE-7B9B-4B1D-9645-81677F7D914C}.waterClient|x86.Build.0 = Release|Any CPU
		{0B6D6408-B6EF-45EF-A0D5-4D887F4C69E8}.Debug|Any CPU.ActiveCfg = Debug|Any CPU
		{0B6D6408-B6EF-45EF-A0D5-4D887F4C69E8}.Debug|Any CPU.Build.0 = Debug|Any CPU
		{0B6D6408-B6EF-45EF-A0D5-4D887F4C69E8}.Debug|x64.ActiveCfg = Debug|Any CPU
		{0B6D6408-B6EF-45EF-A0D5-4D887F4C69E8}.Debug|x64.Build.0 = Debug|Any CPU
		{0B6D6408-B6EF-45EF-A0D5-4D887F4C69E8}.Debug|x86.ActiveCfg = Debug|Any CPU
		{0B6D6408-B6EF-45EF-A0D5-4D887F4C69E8}.Debug|x86.Build.0 = Debug|Any CPU
		{0B6D6408-B6EF-45EF-A0D5-4D887F4C69E8}.Release|Any CPU.ActiveCfg = Release|Any CPU
		{0B6D6408-B6EF-45EF-A0D5-4D887F4C69E8}.Release|Any CPU.Build.0 = Release|Any CPU
		{0B6D6408-B6EF-45EF-A0D5-4D887F4C69E8}.Release|x64.ActiveCfg = Release|Any CPU
		{0B6D6408-B6EF-45EF-A0D5-4D887F4C69E8}.Release|x64.Build.0 = Release|Any CPU
		{0B6D6408-B6EF-45EF-A0D5-4D887F4C69E8}.Release|x86.ActiveCfg = Release|Any CPU
		{0B6D6408-B6EF-45EF-A0D5-4D887F4C69E8}.Release|x86.Build.0 = Release|Any CPU
		{0B6D6408-B6EF-45EF-A0D5-4D887F4C69E8}.waterClient|Any CPU.ActiveCfg = Release|Any CPU
		{0B6D6408-B6EF-45EF-A0D5-4D887F4C69E8}.waterClient|Any CPU.Build.0 = Release|Any CPU
		{0B6D6408-B6EF-45EF-A0D5-4D887F4C69E8}.waterClient|x64.ActiveCfg = Release|Any CPU
		{0B6D6408-B6EF-45EF-A0D5-4D887F4C69E8}.waterClient|x64.Build.0 = Release|Any CPU
		{0B6D6408-B6EF-45EF-A0D5-4D887F4C69E8}.waterClient|x86.ActiveCfg = Release|Any CPU
		{0B6D6408-B6EF-45EF-A0D5-4D887F4C69E8}.waterClient|x86.Build.0 = Release|Any CPU
	EndGlobalSection
	GlobalSection(SolutionProperties) = preSolution
		HideSolutionNode = FALSE
	EndGlobalSection
EndGlobal
