
Microsoft Visual Studio Solution File, Format Version 12.00
# Visual Studio 14
VisualStudioVersion = 14.0.23107.0
MinimumVisualStudioVersion = 10.0.40219.1
Project("{FAE04EC0-301F-11D3-BF4B-00C04F79EFBC}") = "HCISDefinitions", "HCISDefinitions\HCISDefinitions.csproj", "{A09F9CFB-81C7-45EB-B8BD-1EBBB5830A12}"
EndProject
Project("{F184B08F-C81C-45F6-A57F-5ABD9991F28F}") = "SecurityLoginsAndAccessControl", "..\SecurityLoginsAndAccessControl\SecurityLoginsAndAccessControl\SecurityLoginsAndAccessControl.vbproj", "{B07C6401-2D8D-4C7C-B785-2DE29800A45F}"
EndProject
Project("{FAE04EC0-301F-11D3-BF4B-00C04F79EFBC}") = "HCISSpecialist", "..\HCISSpecialist\HCISSpecialist\HCISSpecialist.csproj", "{E4201B8C-E65A-4307-99C4-944D2615DFBA}"
EndProject
Project("{FAE04EC0-301F-11D3-BF4B-00C04F79EFBC}") = "HCISDentist", "..\HCISDentist\HCISDentist\HCISDentist.csproj", "{0B6D6408-B6EF-45EF-A0D5-4D887F4C69E8}"
EndProject
Project("{FAE04EC0-301F-11D3-BF4B-00C04F79EFBC}") = "HCISSecretary", "..\HCISSecretary\HCISSecretary\HCISSecretary.csproj", "{3B8021BD-C8E0-44A2-B6EC-5CCB481FAE65}"
EndProject
Project("{FAE04EC0-301F-11D3-BF4B-00C04F79EFBC}") = "HCISCash", "..\HCISCash\HCISCash\HCISCash.csproj", "{A9839A99-4752-4103-9B15-26B8687303C7}"
EndProject
Project("{FAE04EC0-301F-11D3-BF4B-00C04F79EFBC}") = "HCISAdmission", "..\HCISAdmissionNew\HCISAdmission\HCISAdmission.csproj", "{DD8DDF04-3B29-4EBE-9949-3B21D27F7515}"
EndProject
Project("{FAE04EC0-301F-11D3-BF4B-00C04F79EFBC}") = "HCISShareLibrary", "..\hcissharelibrary\HCISShareLibrary\HCISShareLibrary.csproj", "{FF99FFFE-8EB9-4240-BA94-FDBF0A7086A6}"
EndProject
Global
	GlobalSection(SolutionConfigurationPlatforms) = preSolution
		Debug|Any CPU = Debug|Any CPU
		Debug|x64 = Debug|x64
		Debug|x86 = Debug|x86
		Release|Any CPU = Release|Any CPU
		Release|x64 = Release|x64
		Release|x86 = Release|x86
		waterClient|Any CPU = waterClient|Any CPU
		waterClient|x64 = waterClient|x64
		waterClient|x86 = waterClient|x86
	EndGlobalSection
	GlobalSection(ProjectConfigurationPlatforms) = postSolution
		{A09F9CFB-81C7-45EB-B8BD-1EBBB5830A12}.Debug|Any CPU.ActiveCfg = Debug|Any CPU
		{A09F9CFB-81C7-45EB-B8BD-1EBBB5830A12}.Debug|Any CPU.Build.0 = Debug|Any CPU
		{A09F9CFB-81C7-45EB-B8BD-1EBBB5830A12}.Debug|x64.ActiveCfg = Debug|Any CPU
		{A09F9CFB-81C7-45EB-B8BD-1EBBB5830A12}.Debug|x64.Build.0 = Debug|Any CPU
		{A09F9CFB-81C7-45EB-B8BD-1EBBB5830A12}.Debug|x86.ActiveCfg = Debug|Any CPU
		{A09F9CFB-81C7-45EB-B8BD-1EBBB5830A12}.Debug|x86.Build.0 = Debug|Any CPU
		{A09F9CFB-81C7-45EB-B8BD-1EBBB5830A12}.Release|Any CPU.ActiveCfg = Release|Any CPU
		{A09F9CFB-81C7-45EB-B8BD-1EBBB5830A12}.Release|Any CPU.Build.0 = Release|Any CPU
		{A09F9CFB-81C7-45EB-B8BD-1EBBB5830A12}.Release|x64.ActiveCfg = Release|Any CPU
		{A09F9CFB-81C7-45EB-B8BD-1EBBB5830A12}.Release|x64.Build.0 = Release|Any CPU
		{A09F9CFB-81C7-45EB-B8BD-1EBBB5830A12}.Release|x86.ActiveCfg = Release|Any CPU
		{A09F9CFB-81C7-45EB-B8BD-1EBBB5830A12}.Release|x86.Build.0 = Release|Any CPU
		{A09F9CFB-81C7-45EB-B8BD-1EBBB5830A12}.waterClient|Any CPU.ActiveCfg = Release|Any CPU
		{A09F9CFB-81C7-45EB-B8BD-1EBBB5830A12}.waterClient|Any CPU.Build.0 = Release|Any CPU
		{A09F9CFB-81C7-45EB-B8BD-1EBBB5830A12}.waterClient|x64.ActiveCfg = Release|Any CPU
		{A09F9CFB-81C7-45EB-B8BD-1EBBB5830A12}.waterClient|x64.Build.0 = Release|Any CPU
		{A09F9CFB-81C7-45EB-B8BD-1EBBB5830A12}.waterClient|x86.ActiveCfg = Release|Any CPU
		{A09F9CFB-81C7-45EB-B8BD-1EBBB5830A12}.waterClient|x86.Build.0 = Release|Any CPU
		{B07C6401-2D8D-4C7C-B785-2DE29800A45F}.Debug|Any CPU.ActiveCfg = Debug|Any CPU
		{B07C6401-2D8D-4C7C-B785-2DE29800A45F}.Debug|Any CPU.Build.0 = Debug|Any CPU
		{B07C6401-2D8D-4C7C-B785-2DE29800A45F}.Debug|x64.ActiveCfg = Debug|Any CPU
		{B07C6401-2D8D-4C7C-B785-2DE29800A45F}.Debug|x64.Build.0 = Debug|Any CPU
		{B07C6401-2D8D-4C7C-B785-2DE29800A45F}.Debug|x86.ActiveCfg = Debug|x86
		{B07C6401-2D8D-4C7C-B785-2DE29800A45F}.Debug|x86.Build.0 = Debug|x86
		{B07C6401-2D8D-4C7C-B785-2DE29800A45F}.Release|Any CPU.ActiveCfg = Release|Any CPU
		{B07C6401-2D8D-4C7C-B785-2DE29800A45F}.Release|Any CPU.Build.0 = Release|Any CPU
		{B07C6401-2D8D-4C7C-B785-2DE29800A45F}.Release|x64.ActiveCfg = Release|Any CPU
		{B07C6401-2D8D-4C7C-B785-2DE29800A45F}.Release|x64.Build.0 = Release|Any CPU
		{B07C6401-2D8D-4C7C-B785-2DE29800A45F}.Release|x86.ActiveCfg = Release|x86
		{B07C6401-2D8D-4C7C-B785-2DE29800A45F}.Release|x86.Build.0 = Release|x86
		{B07C6401-2D8D-4C7C-B785-2DE29800A45F}.waterClient|Any CPU.ActiveCfg = Release|Any CPU
		{B07C6401-2D8D-4C7C-B785-2DE29800A45F}.waterClient|Any CPU.Build.0 = Release|Any CPU
		{B07C6401-2D8D-4C7C-B785-2DE29800A45F}.waterClient|x64.ActiveCfg = Release|Any CPU
		{B07C6401-2D8D-4C7C-B785-2DE29800A45F}.waterClient|x64.Build.0 = Release|Any CPU
		{B07C6401-2D8D-4C7C-B785-2DE29800A45F}.waterClient|x86.ActiveCfg = Release|x86
		{B07C6401-2D8D-4C7C-B785-2DE29800A45F}.waterClient|x86.Build.0 = Release|x86
		{E4201B8C-E65A-4307-99C4-944D2615DFBA}.Debug|Any CPU.ActiveCfg = Debug|Any CPU
		{E4201B8C-E65A-4307-99C4-944D2615DFBA}.Debug|Any CPU.Build.0 = Debug|Any CPU
		{E4201B8C-E65A-4307-99C4-944D2615DFBA}.Debug|x64.ActiveCfg = Debug|Any CPU
		{E4201B8C-E65A-4307-99C4-944D2615DFBA}.Debug|x64.Build.0 = Debug|Any CPU
		{E4201B8C-E65A-4307-99C4-944D2615DFBA}.Debug|x86.ActiveCfg = Debug|Any CPU
		{E4201B8C-E65A-4307-99C4-944D2615DFBA}.Debug|x86.Build.0 = Debug|Any CPU
		{E4201B8C-E65A-4307-99C4-944D2615DFBA}.Release|Any CPU.ActiveCfg = Release|Any CPU
		{E4201B8C-E65A-4307-99C4-944D2615DFBA}.Release|Any CPU.Build.0 = Release|Any CPU
		{E4201B8C-E65A-4307-99C4-944D2615DFBA}.Release|x64.ActiveCfg = Release|Any CPU
		{E4201B8C-E65A-4307-99C4-944D2615DFBA}.Release|x64.Build.0 = Release|Any CPU
		{E4201B8C-E65A-4307-99C4-944D2615DFBA}.Release|x86.ActiveCfg = Release|Any CPU
		{E4201B8C-E65A-4307-99C4-944D2615DFBA}.Release|x86.Build.0 = Release|Any CPU
		{E4201B8C-E65A-4307-99C4-944D2615DFBA}.waterClient|Any CPU.ActiveCfg = Release|Any CPU
		{E4201B8C-E65A-4307-99C4-944D2615DFBA}.waterClient|Any CPU.Build.0 = Release|Any CPU
		{E4201B8C-E65A-4307-99C4-944D2615DFBA}.waterClient|x64.ActiveCfg = Release|Any CPU
		{E4201B8C-E65A-4307-99C4-944D2615DFBA}.waterClient|x64.Build.0 = Release|Any CPU
		{E4201B8C-E65A-4307-99C4-944D2615DFBA}.waterClient|x86.ActiveCfg = Release|Any CPU
		{E4201B8C-E65A-4307-99C4-944D2615DFBA}.waterClient|x86.Build.0 = Release|Any CPU
		{0B6D6408-B6EF-45EF-A0D5-4D887F4C69E8}.Debug|Any CPU.ActiveCfg = Debug|Any CPU
		{0B6D6408-B6EF-45EF-A0D5-4D887F4C69E8}.Debug|Any CPU.Build.0 = Debug|Any CPU
		{0B6D6408-B6EF-45EF-A0D5-4D887F4C69E8}.Debug|x64.ActiveCfg = Debug|Any CPU
		{0B6D6408-B6EF-45EF-A0D5-4D887F4C69E8}.Debug|x64.Build.0 = Debug|Any CPU
		{0B6D6408-B6EF-45EF-A0D5-4D887F4C69E8}.Debug|x86.ActiveCfg = Debug|Any CPU
		{0B6D6408-B6EF-45EF-A0D5-4D887F4C69E8}.Debug|x86.Build.0 = Debug|Any CPU
		{0B6D6408-B6EF-45EF-A0D5-4D887F4C69E8}.Release|Any CPU.ActiveCfg = Release|Any CPU
		{0B6D6408-B6EF-45EF-A0D5-4D887F4C69E8}.Release|Any CPU.Build.0 = Release|Any CPU
		{0B6D6408-B6EF-45EF-A0D5-4D887F4C69E8}.Release|x64.ActiveCfg = Release|Any CPU
		{0B6D6408-B6EF-45EF-A0D5-4D887F4C69E8}.Release|x64.Build.0 = Release|Any CPU
		{0B6D6408-B6EF-45EF-A0D5-4D887F4C69E8}.Release|x86.ActiveCfg = Release|Any CPU
		{0B6D6408-B6EF-45EF-A0D5-4D887F4C69E8}.Release|x86.Build.0 = Release|Any CPU
		{0B6D6408-B6EF-45EF-A0D5-4D887F4C69E8}.waterClient|Any CPU.ActiveCfg = Release|Any CPU
		{0B6D6408-B6EF-45EF-A0D5-4D887F4C69E8}.waterClient|Any CPU.Build.0 = Release|Any CPU
		{0B6D6408-B6EF-45EF-A0D5-4D887F4C69E8}.waterClient|x64.ActiveCfg = Release|Any CPU
		{0B6D6408-B6EF-45EF-A0D5-4D887F4C69E8}.waterClient|x64.Build.0 = Release|Any CPU
		{0B6D6408-B6EF-45EF-A0D5-4D887F4C69E8}.waterClient|x86.ActiveCfg = Release|Any CPU
		{0B6D6408-B6EF-45EF-A0D5-4D887F4C69E8}.waterClient|x86.Build.0 = Release|Any CPU
		{3B8021BD-C8E0-44A2-B6EC-5CCB481FAE65}.Debug|Any CPU.ActiveCfg = Debug|Any CPU
		{3B8021BD-C8E0-44A2-B6EC-5CCB481FAE65}.Debug|Any CPU.Build.0 = Debug|Any CPU
		{3B8021BD-C8E0-44A2-B6EC-5CCB481FAE65}.Debug|x64.ActiveCfg = Debug|Any CPU
		{3B8021BD-C8E0-44A2-B6EC-5CCB481FAE65}.Debug|x64.Build.0 = Debug|Any CPU
		{3B8021BD-C8E0-44A2-B6EC-5CCB481FAE65}.Debug|x86.ActiveCfg = Debug|Any CPU
		{3B8021BD-C8E0-44A2-B6EC-5CCB481FAE65}.Debug|x86.Build.0 = Debug|Any CPU
		{3B8021BD-C8E0-44A2-B6EC-5CCB481FAE65}.Release|Any CPU.ActiveCfg = Release|Any CPU
		{3B8021BD-C8E0-44A2-B6EC-5CCB481FAE65}.Release|Any CPU.Build.0 = Release|Any CPU
		{3B8021BD-C8E0-44A2-B6EC-5CCB481FAE65}.Release|x64.ActiveCfg = Release|Any CPU
		{3B8021BD-C8E0-44A2-B6EC-5CCB481FAE65}.Release|x64.Build.0 = Release|Any CPU
		{3B8021BD-C8E0-44A2-B6EC-5CCB481FAE65}.Release|x86.ActiveCfg = Release|Any CPU
		{3B8021BD-C8E0-44A2-B6EC-5CCB481FAE65}.Release|x86.Build.0 = Release|Any CPU
		{3B8021BD-C8E0-44A2-B6EC-5CCB481FAE65}.waterClient|Any CPU.ActiveCfg = Release|Any CPU
		{3B8021BD-C8E0-44A2-B6EC-5CCB481FAE65}.waterClient|Any CPU.Build.0 = Release|Any CPU
		{3B8021BD-C8E0-44A2-B6EC-5CCB481FAE65}.waterClient|x64.ActiveCfg = Release|Any CPU
		{3B8021BD-C8E0-44A2-B6EC-5CCB481FAE65}.waterClient|x64.Build.0 = Release|Any CPU
		{3B8021BD-C8E0-44A2-B6EC-5CCB481FAE65}.waterClient|x86.ActiveCfg = Release|Any CPU
		{3B8021BD-C8E0-44A2-B6EC-5CCB481FAE65}.waterClient|x86.Build.0 = Release|Any CPU
		{A9839A99-4752-4103-9B15-26B8687303C7}.Debug|Any CPU.ActiveCfg = Debug|Any CPU
		{A9839A99-4752-4103-9B15-26B8687303C7}.Debug|Any CPU.Build.0 = Debug|Any CPU
		{A9839A99-4752-4103-9B15-26B8687303C7}.Debug|x64.ActiveCfg = Debug|Any CPU
		{A9839A99-4752-4103-9B15-26B8687303C7}.Debug|x64.Build.0 = Debug|Any CPU
		{A9839A99-4752-4103-9B15-26B8687303C7}.Debug|x86.ActiveCfg = Debug|Any CPU
		{A9839A99-4752-4103-9B15-26B8687303C7}.Debug|x86.Build.0 = Debug|Any CPU
		{A9839A99-4752-4103-9B15-26B8687303C7}.Release|Any CPU.ActiveCfg = Release|Any CPU
		{A9839A99-4752-4103-9B15-26B8687303C7}.Release|Any CPU.Build.0 = Release|Any CPU
		{A9839A99-4752-4103-9B15-26B8687303C7}.Release|x64.ActiveCfg = Release|Any CPU
		{A9839A99-4752-4103-9B15-26B8687303C7}.Release|x64.Build.0 = Release|Any CPU
		{A9839A99-4752-4103-9B15-26B8687303C7}.Release|x86.ActiveCfg = Release|Any CPU
		{A9839A99-4752-4103-9B15-26B8687303C7}.Release|x86.Build.0 = Release|Any CPU
		{A9839A99-4752-4103-9B15-26B8687303C7}.waterClient|Any CPU.ActiveCfg = Release|Any CPU
		{A9839A99-4752-4103-9B15-26B8687303C7}.waterClient|Any CPU.Build.0 = Release|Any CPU
		{A9839A99-4752-4103-9B15-26B8687303C7}.waterClient|x64.ActiveCfg = Release|Any CPU
		{A9839A99-4752-4103-9B15-26B8687303C7}.waterClient|x64.Build.0 = Release|Any CPU
		{A9839A99-4752-4103-9B15-26B8687303C7}.waterClient|x86.ActiveCfg = Release|Any CPU
		{A9839A99-4752-4103-9B15-26B8687303C7}.waterClient|x86.Build.0 = Release|Any CPU
		{DD8DDF04-3B29-4EBE-9949-3B21D27F7515}.Debug|Any CPU.ActiveCfg = Debug|Any CPU
		{DD8DDF04-3B29-4EBE-9949-3B21D27F7515}.Debug|Any CPU.Build.0 = Debug|Any CPU
		{DD8DDF04-3B29-4EBE-9949-3B21D27F7515}.Debug|x64.ActiveCfg = Debug|Any CPU
		{DD8DDF04-3B29-4EBE-9949-3B21D27F7515}.Debug|x64.Build.0 = Debug|Any CPU
		{DD8DDF04-3B29-4EBE-9949-3B21D27F7515}.Debug|x86.ActiveCfg = Debug|Any CPU
		{DD8DDF04-3B29-4EBE-9949-3B21D27F7515}.Debug|x86.Build.0 = Debug|Any CPU
		{DD8DDF04-3B29-4EBE-9949-3B21D27F7515}.Release|Any CPU.ActiveCfg = Release|Any CPU
		{DD8DDF04-3B29-4EBE-9949-3B21D27F7515}.Release|Any CPU.Build.0 = Release|Any CPU
		{DD8DDF04-3B29-4EBE-9949-3B21D27F7515}.Release|x64.ActiveCfg = Release|Any CPU
		{DD8DDF04-3B29-4EBE-9949-3B21D27F7515}.Release|x64.Build.0 = Release|Any CPU
		{DD8DDF04-3B29-4EBE-9949-3B21D27F7515}.Release|x86.ActiveCfg = Release|Any CPU
		{DD8DDF04-3B29-4EBE-9949-3B21D27F7515}.Release|x86.Build.0 = Release|Any CPU
		{DD8DDF04-3B29-4EBE-9949-3B21D27F7515}.waterClient|Any CPU.ActiveCfg = Release|Any CPU
		{DD8DDF04-3B29-4EBE-9949-3B21D27F7515}.waterClient|Any CPU.Build.0 = Release|Any CPU
		{DD8DDF04-3B29-4EBE-9949-3B21D27F7515}.waterClient|x64.ActiveCfg = Release|Any CPU
		{DD8DDF04-3B29-4EBE-9949-3B21D27F7515}.waterClient|x64.Build.0 = Release|Any CPU
		{DD8DDF04-3B29-4EBE-9949-3B21D27F7515}.waterClient|x86.ActiveCfg = Release|Any CPU
		{DD8DDF04-3B29-4EBE-9949-3B21D27F7515}.waterClient|x86.Build.0 = Release|Any CPU
		{FF99FFFE-8EB9-4240-BA94-FDBF0A7086A6}.Debug|Any CPU.ActiveCfg = Debug|Any CPU
		{FF99FFFE-8EB9-4240-BA94-FDBF0A7086A6}.Debug|Any CPU.Build.0 = Debug|Any CPU
		{FF99FFFE-8EB9-4240-BA94-FDBF0A7086A6}.Debug|x64.ActiveCfg = Debug|x64
		{FF99FFFE-8EB9-4240-BA94-FDBF0A7086A6}.Debug|x64.Build.0 = Debug|x64
		{FF99FFFE-8EB9-4240-BA94-FDBF0A7086A6}.Debug|x86.ActiveCfg = Debug|Any CPU
		{FF99FFFE-8EB9-4240-BA94-FDBF0A7086A6}.Debug|x86.Build.0 = Debug|Any CPU
		{FF99FFFE-8EB9-4240-BA94-FDBF0A7086A6}.Release|Any CPU.ActiveCfg = Release|Any CPU
		{FF99FFFE-8EB9-4240-BA94-FDBF0A7086A6}.Release|Any CPU.Build.0 = Release|Any CPU
		{FF99FFFE-8EB9-4240-BA94-FDBF0A7086A6}.Release|x64.ActiveCfg = Release|x64
		{FF99FFFE-8EB9-4240-BA94-FDBF0A7086A6}.Release|x64.Build.0 = Release|x64
		{FF99FFFE-8EB9-4240-BA94-FDBF0A7086A6}.Release|x86.ActiveCfg = Release|Any CPU
		{FF99FFFE-8EB9-4240-BA94-FDBF0A7086A6}.Release|x86.Build.0 = Release|Any CPU
		{FF99FFFE-8EB9-4240-BA94-FDBF0A7086A6}.waterClient|Any CPU.ActiveCfg = waterClient|Any CPU
		{FF99FFFE-8EB9-4240-BA94-FDBF0A7086A6}.waterClient|Any CPU.Build.0 = waterClient|Any CPU
		{FF99FFFE-8EB9-4240-BA94-FDBF0A7086A6}.waterClient|x64.ActiveCfg = waterClient|x64
		{FF99FFFE-8EB9-4240-BA94-FDBF0A7086A6}.waterClient|x64.Build.0 = waterClient|x64
		{FF99FFFE-8EB9-4240-BA94-FDBF0A7086A6}.waterClient|x86.ActiveCfg = waterClient|Any CPU
		{FF99FFFE-8EB9-4240-BA94-FDBF0A7086A6}.waterClient|x86.Build.0 = waterClient|Any CPU
	EndGlobalSection
	GlobalSection(SolutionProperties) = preSolution
		HideSolutionNode = FALSE
	EndGlobalSection
EndGlobal
